
Microsoft Visual Studio Solution File, Format Version 12.00
# Visual Studio Version 17
VisualStudioVersion = 17.4.33205.214
MinimumVisualStudioVersion = 10.0.40219.1
Project("{FAE04EC0-301F-11D3-BF4B-00C04F79EFBC}") = "AOToolsDelux", "AOToolsDelux\AOToolsDelux.csproj", "{DDC429DE-0FCC-45A7-A152-112E9AB46CC4}"
EndProject
Project("{FAE04EC0-301F-11D3-BF4B-00C04F79EFBC}") = "AOToolsVue", "AOToolsVue\AOToolsVue.csproj", "{907CEB89-DD00-47D1-9366-198207C325E7}"
EndProject
Project("{FAE04EC0-301F-11D3-BF4B-00C04F79EFBC}") = "AOToolsParameterVue", "AOToolsParameterVue\AOToolsParameterVue.csproj", "{D7C68906-6FC4-457F-9BA2-6AE89F32A408}"
EndProject
Project("{FAE04EC0-301F-11D3-BF4B-00C04F79EFBC}") = "AODxMeasure", "AODxMeasure\AODxMeasure.csproj", "{B99EBC25-3193-4026-90C1-BC1513ABA34F}"
EndProject
Project("{FAE04EC0-301F-11D3-BF4B-00C04F79EFBC}") = "CSToolsDelux", "CSToolsDelux\CSToolsDelux.csproj", "{8D6DBAC0-6821-42BC-A690-E88844968D90}"
EndProject
Project("{FAE04EC0-301F-11D3-BF4B-00C04F79EFBC}") = "CSToolsStudies", "CSToolsStudies\CSToolsStudies.csproj", "{BC068B64-B232-4A08-82B6-2889EC04E345}"
EndProject
Project("{D954291E-2A0B-460D-934E-DC6B0785DB48}") = "SharedCode", "SharedCode\SharedCode.shproj", "{B822992C-8E9F-4073-A9B5-7A9B87961745}"
EndProject
Project("{2150E333-8FDC-42A3-9474-1A3956D46DE8}") = "Solution Items", "Solution Items", "{DA222F1A-E5DA-431E-AB20-1C2E6C211AD3}"
	ProjectSection(SolutionItems) = preProject
		.editorconfig = .editorconfig
	EndProjectSection
EndProject
Project("{FAE04EC0-301F-11D3-BF4B-00C04F79EFBC}") = "CommonCode", "CommonCode\CommonCode.csproj", "{C53EABA9-531D-4383-9D80-31D9DF477676}"
EndProject
Project("{D954291E-2A0B-460D-934E-DC6B0785DB48}") = "SharedRevitCode", "SharedRevitCode\SharedRevitCode.shproj", "{39A4D97C-8D2E-44A7-ADA6-E6F6F3AFDB5C}"
EndProject
Project("{FAE04EC0-301F-11D3-BF4B-00C04F79EFBC}") = "DeluxMeasure", "DeluxMeasure\DeluxMeasure.csproj", "{3872BF2E-9458-4C6C-BAC7-40A6CD14C397}"
EndProject
Project("{FAE04EC0-301F-11D3-BF4B-00C04F79EFBC}") = "DeluxMeasureStudies", "DeluxMeasureStudies\DeluxMeasureStudies.csproj", "{868CD99E-E6AF-4FA1-B49C-17A1FE941F0D}"
EndProject
Project("{FAE04EC0-301F-11D3-BF4B-00C04F79EFBC}") = "CsDeluxMeasure", "CsDeluxMeasure\CsDeluxMeasure.csproj", "{91AE7083-4BC0-473B-B2BB-AFC2BF76B9CE}"
EndProject
Project("{FAE04EC0-301F-11D3-BF4B-00C04F79EFBC}") = "AOTools", "AOTools\AOTools.csproj", "{B6DDC9F2-E329-49E7-A66E-98D7D9623A3B}"
EndProject
Project("{FAE04EC0-301F-11D3-BF4B-00C04F79EFBC}") = "AODeluxMeasure", "CsDeluxMeasure\AODeluxMeasure.csproj", "{9013462A-6B25-424B-85C1-92957C68E6AC}"
EndProject
Project("{FAE04EC0-301F-11D3-BF4B-00C04F79EFBC}") = "Tests01", "Tests01\Tests01.csproj", "{4A1FA67A-530C-443D-8800-EF810D7FEDAB}"
EndProject
Global
	GlobalSection(SolutionConfigurationPlatforms) = preSolution
		Debug|Any CPU = Debug|Any CPU
		Debug|x64 = Debug|x64
		DebugAODxmRvt21|Any CPU = DebugAODxmRvt21|Any CPU
		DebugAODxmRvt21|x64 = DebugAODxmRvt21|x64
		DebugAODxmRvt22|Any CPU = DebugAODxmRvt22|Any CPU
		DebugAODxmRvt22|x64 = DebugAODxmRvt22|x64
		DebugAotRvt21|Any CPU = DebugAotRvt21|Any CPU
		DebugAotRvt21|x64 = DebugAotRvt21|x64
		DebugCsDxmRvt21|Any CPU = DebugCsDxmRvt21|Any CPU
		DebugCsDxmRvt21|x64 = DebugCsDxmRvt21|x64
		DebugCsDxmRvt22|Any CPU = DebugCsDxmRvt22|Any CPU
		DebugCsDxmRvt22|x64 = DebugCsDxmRvt22|x64
		DebugTests01|Any CPU = DebugTests01|Any CPU
		DebugTests01|x64 = DebugTests01|x64
		Release|Any CPU = Release|Any CPU
		Release|x64 = Release|x64
		ReleaseCsDxmRvt22|Any CPU = ReleaseCsDxmRvt22|Any CPU
		ReleaseCsDxmRvt22|x64 = ReleaseCsDxmRvt22|x64
		RelseAotRvt21|Any CPU = RelseAotRvt21|Any CPU
		RelseAotRvt21|x64 = RelseAotRvt21|x64
		RelseCsDxmRvt21|Any CPU = RelseCsDxmRvt21|Any CPU
		RelseCsDxmRvt21|x64 = RelseCsDxmRvt21|x64
	EndGlobalSection
	GlobalSection(ProjectConfigurationPlatforms) = postSolution
		{DDC429DE-0FCC-45A7-A152-112E9AB46CC4}.Debug|Any CPU.ActiveCfg = Debug|Any CPU
		{DDC429DE-0FCC-45A7-A152-112E9AB46CC4}.Debug|x64.ActiveCfg = ToolsDbg2020|x64
		{DDC429DE-0FCC-45A7-A152-112E9AB46CC4}.DebugAODxmRvt21|Any CPU.ActiveCfg = ToolsDbg2017|Any CPU
		{DDC429DE-0FCC-45A7-A152-112E9AB46CC4}.DebugAODxmRvt21|x64.ActiveCfg = Debug|x64
		{DDC429DE-0FCC-45A7-A152-112E9AB46CC4}.DebugAODxmRvt22|Any CPU.ActiveCfg = ToolsDbg2017|Any CPU
		{DDC429DE-0FCC-45A7-A152-112E9AB46CC4}.DebugAODxmRvt22|x64.ActiveCfg = Debug|x64
		{DDC429DE-0FCC-45A7-A152-112E9AB46CC4}.DebugAotRvt21|Any CPU.ActiveCfg = Debug|Any CPU
		{DDC429DE-0FCC-45A7-A152-112E9AB46CC4}.DebugAotRvt21|x64.ActiveCfg = DebugRvt21|x64
		{DDC429DE-0FCC-45A7-A152-112E9AB46CC4}.DebugAotRvt21|x64.Build.0 = DebugRvt21|x64
		{DDC429DE-0FCC-45A7-A152-112E9AB46CC4}.DebugCsDxmRvt21|Any CPU.ActiveCfg = ToolsDbg2017|Any CPU
		{DDC429DE-0FCC-45A7-A152-112E9AB46CC4}.DebugCsDxmRvt21|x64.ActiveCfg = Debug|x64
		{DDC429DE-0FCC-45A7-A152-112E9AB46CC4}.DebugCsDxmRvt22|Any CPU.ActiveCfg = ToolsDbg2017|Any CPU
		{DDC429DE-0FCC-45A7-A152-112E9AB46CC4}.DebugCsDxmRvt22|x64.ActiveCfg = Debug|x64
		{DDC429DE-0FCC-45A7-A152-112E9AB46CC4}.DebugCsDxmRvt22|x64.Build.0 = Debug|x64
		{DDC429DE-0FCC-45A7-A152-112E9AB46CC4}.DebugTests01|Any CPU.ActiveCfg = ToolsDbg2017|Any CPU
		{DDC429DE-0FCC-45A7-A152-112E9AB46CC4}.DebugTests01|x64.ActiveCfg = Debug|x64
		{DDC429DE-0FCC-45A7-A152-112E9AB46CC4}.DebugTests01|x64.Build.0 = Debug|x64
		{DDC429DE-0FCC-45A7-A152-112E9AB46CC4}.Release|Any CPU.ActiveCfg = ToolsDbg2017|Any CPU
		{DDC429DE-0FCC-45A7-A152-112E9AB46CC4}.Release|x64.ActiveCfg = ToolsDbg2020|x64
		{DDC429DE-0FCC-45A7-A152-112E9AB46CC4}.Release|x64.Build.0 = ToolsDbg2020|x64
		{DDC429DE-0FCC-45A7-A152-112E9AB46CC4}.ReleaseCsDxmRvt22|Any CPU.ActiveCfg = ToolsDbg2017|Any CPU
		{DDC429DE-0FCC-45A7-A152-112E9AB46CC4}.ReleaseCsDxmRvt22|x64.ActiveCfg = Debug|x64
		{DDC429DE-0FCC-45A7-A152-112E9AB46CC4}.ReleaseCsDxmRvt22|x64.Build.0 = Debug|x64
		{DDC429DE-0FCC-45A7-A152-112E9AB46CC4}.RelseAotRvt21|Any CPU.ActiveCfg = DebugRvt21|Any CPU
		{DDC429DE-0FCC-45A7-A152-112E9AB46CC4}.RelseAotRvt21|x64.ActiveCfg = DebugRvt21|x64
		{DDC429DE-0FCC-45A7-A152-112E9AB46CC4}.RelseAotRvt21|x64.Build.0 = DebugRvt21|x64
		{DDC429DE-0FCC-45A7-A152-112E9AB46CC4}.RelseCsDxmRvt21|Any CPU.ActiveCfg = ToolsDbg2017|Any CPU
		{DDC429DE-0FCC-45A7-A152-112E9AB46CC4}.RelseCsDxmRvt21|x64.ActiveCfg = Debug|x64
		{907CEB89-DD00-47D1-9366-198207C325E7}.Debug|Any CPU.ActiveCfg = ToolVDbg|Any CPU
		{907CEB89-DD00-47D1-9366-198207C325E7}.Debug|x64.ActiveCfg = ToolVRel|x64
		{907CEB89-DD00-47D1-9366-198207C325E7}.DebugAODxmRvt21|Any CPU.ActiveCfg = ToolVDbg|Any CPU
		{907CEB89-DD00-47D1-9366-198207C325E7}.DebugAODxmRvt21|x64.ActiveCfg = ToolVRel|x64
		{907CEB89-DD00-47D1-9366-198207C325E7}.DebugAODxmRvt22|Any CPU.ActiveCfg = ToolVDbg|Any CPU
		{907CEB89-DD00-47D1-9366-198207C325E7}.DebugAODxmRvt22|x64.ActiveCfg = ToolVRel|x64
		{907CEB89-DD00-47D1-9366-198207C325E7}.DebugAotRvt21|Any CPU.ActiveCfg = ToolVRel|Any CPU
		{907CEB89-DD00-47D1-9366-198207C325E7}.DebugAotRvt21|x64.ActiveCfg = ToolVDbg|x64
		{907CEB89-DD00-47D1-9366-198207C325E7}.DebugAotRvt21|x64.Build.0 = ToolVDbg|x64
		{907CEB89-DD00-47D1-9366-198207C325E7}.DebugCsDxmRvt21|Any CPU.ActiveCfg = ToolVDbg|Any CPU
		{907CEB89-DD00-47D1-9366-198207C325E7}.DebugCsDxmRvt21|x64.ActiveCfg = ToolVRel|x64
		{907CEB89-DD00-47D1-9366-198207C325E7}.DebugCsDxmRvt22|Any CPU.ActiveCfg = ToolVDbg|Any CPU
		{907CEB89-DD00-47D1-9366-198207C325E7}.DebugCsDxmRvt22|x64.ActiveCfg = ToolVRel|x64
		{907CEB89-DD00-47D1-9366-198207C325E7}.DebugCsDxmRvt22|x64.Build.0 = ToolVRel|x64
		{907CEB89-DD00-47D1-9366-198207C325E7}.DebugTests01|Any CPU.ActiveCfg = ToolVDbg|Any CPU
		{907CEB89-DD00-47D1-9366-198207C325E7}.DebugTests01|x64.ActiveCfg = ToolVRel|x64
		{907CEB89-DD00-47D1-9366-198207C325E7}.DebugTests01|x64.Build.0 = ToolVRel|x64
		{907CEB89-DD00-47D1-9366-198207C325E7}.Release|Any CPU.ActiveCfg = ToolVDbg|Any CPU
		{907CEB89-DD00-47D1-9366-198207C325E7}.Release|x64.ActiveCfg = ToolVRel|x64
		{907CEB89-DD00-47D1-9366-198207C325E7}.Release|x64.Build.0 = ToolVRel|x64
		{907CEB89-DD00-47D1-9366-198207C325E7}.ReleaseCsDxmRvt22|Any CPU.ActiveCfg = ToolVDbg|Any CPU
		{907CEB89-DD00-47D1-9366-198207C325E7}.ReleaseCsDxmRvt22|x64.ActiveCfg = ToolVRel|x64
		{907CEB89-DD00-47D1-9366-198207C325E7}.ReleaseCsDxmRvt22|x64.Build.0 = ToolVRel|x64
		{907CEB89-DD00-47D1-9366-198207C325E7}.RelseAotRvt21|Any CPU.ActiveCfg = ToolVRel|Any CPU
		{907CEB89-DD00-47D1-9366-198207C325E7}.RelseAotRvt21|x64.ActiveCfg = ToolVDbg|x64
		{907CEB89-DD00-47D1-9366-198207C325E7}.RelseAotRvt21|x64.Build.0 = ToolVDbg|x64
		{907CEB89-DD00-47D1-9366-198207C325E7}.RelseCsDxmRvt21|Any CPU.ActiveCfg = ToolVDbg|Any CPU
		{907CEB89-DD00-47D1-9366-198207C325E7}.RelseCsDxmRvt21|x64.ActiveCfg = ToolVRel|x64
		{D7C68906-6FC4-457F-9BA2-6AE89F32A408}.Debug|Any CPU.ActiveCfg = PramVDbg|Any CPU
		{D7C68906-6FC4-457F-9BA2-6AE89F32A408}.Debug|x64.ActiveCfg = PramVRel|x64
		{D7C68906-6FC4-457F-9BA2-6AE89F32A408}.DebugAODxmRvt21|Any CPU.ActiveCfg = PramVDbg|Any CPU
		{D7C68906-6FC4-457F-9BA2-6AE89F32A408}.DebugAODxmRvt21|x64.ActiveCfg = PramVRel|x64
		{D7C68906-6FC4-457F-9BA2-6AE89F32A408}.DebugAODxmRvt22|Any CPU.ActiveCfg = PramVDbg|Any CPU
		{D7C68906-6FC4-457F-9BA2-6AE89F32A408}.DebugAODxmRvt22|x64.ActiveCfg = PramVRel|x64
		{D7C68906-6FC4-457F-9BA2-6AE89F32A408}.DebugAotRvt21|Any CPU.ActiveCfg = PramVDbg|Any CPU
		{D7C68906-6FC4-457F-9BA2-6AE89F32A408}.DebugAotRvt21|x64.ActiveCfg = PramVDbg|x64
		{D7C68906-6FC4-457F-9BA2-6AE89F32A408}.DebugAotRvt21|x64.Build.0 = PramVDbg|x64
		{D7C68906-6FC4-457F-9BA2-6AE89F32A408}.DebugCsDxmRvt21|Any CPU.ActiveCfg = PramVDbg|Any CPU
		{D7C68906-6FC4-457F-9BA2-6AE89F32A408}.DebugCsDxmRvt21|x64.ActiveCfg = PramVRel|x64
		{D7C68906-6FC4-457F-9BA2-6AE89F32A408}.DebugCsDxmRvt22|Any CPU.ActiveCfg = PramVDbg|Any CPU
		{D7C68906-6FC4-457F-9BA2-6AE89F32A408}.DebugCsDxmRvt22|x64.ActiveCfg = PramVRel|x64
		{D7C68906-6FC4-457F-9BA2-6AE89F32A408}.DebugCsDxmRvt22|x64.Build.0 = PramVRel|x64
		{D7C68906-6FC4-457F-9BA2-6AE89F32A408}.DebugTests01|Any CPU.ActiveCfg = PramVDbg|Any CPU
		{D7C68906-6FC4-457F-9BA2-6AE89F32A408}.DebugTests01|x64.ActiveCfg = PramVRel|x64
		{D7C68906-6FC4-457F-9BA2-6AE89F32A408}.DebugTests01|x64.Build.0 = PramVRel|x64
		{D7C68906-6FC4-457F-9BA2-6AE89F32A408}.Release|Any CPU.ActiveCfg = PramVDbg|Any CPU
		{D7C68906-6FC4-457F-9BA2-6AE89F32A408}.Release|x64.ActiveCfg = PramVRel|x64
		{D7C68906-6FC4-457F-9BA2-6AE89F32A408}.Release|x64.Build.0 = PramVRel|x64
		{D7C68906-6FC4-457F-9BA2-6AE89F32A408}.ReleaseCsDxmRvt22|Any CPU.ActiveCfg = PramVDbg|Any CPU
		{D7C68906-6FC4-457F-9BA2-6AE89F32A408}.ReleaseCsDxmRvt22|x64.ActiveCfg = PramVRel|x64
		{D7C68906-6FC4-457F-9BA2-6AE89F32A408}.ReleaseCsDxmRvt22|x64.Build.0 = PramVRel|x64
		{D7C68906-6FC4-457F-9BA2-6AE89F32A408}.RelseAotRvt21|Any CPU.ActiveCfg = PramVDbg|Any CPU
		{D7C68906-6FC4-457F-9BA2-6AE89F32A408}.RelseAotRvt21|x64.ActiveCfg = PramVDbg|x64
		{D7C68906-6FC4-457F-9BA2-6AE89F32A408}.RelseAotRvt21|x64.Build.0 = PramVDbg|x64
		{D7C68906-6FC4-457F-9BA2-6AE89F32A408}.RelseCsDxmRvt21|Any CPU.ActiveCfg = PramVDbg|Any CPU
		{D7C68906-6FC4-457F-9BA2-6AE89F32A408}.RelseCsDxmRvt21|x64.ActiveCfg = PramVRel|x64
		{B99EBC25-3193-4026-90C1-BC1513ABA34F}.Debug|Any CPU.ActiveCfg = DxMDbg2017|Any CPU
		{B99EBC25-3193-4026-90C1-BC1513ABA34F}.Debug|x64.ActiveCfg = DxMDbg2020|x64
		{B99EBC25-3193-4026-90C1-BC1513ABA34F}.DebugAODxmRvt21|Any CPU.ActiveCfg = DxMDbg2017|Any CPU
		{B99EBC25-3193-4026-90C1-BC1513ABA34F}.DebugAODxmRvt21|x64.ActiveCfg = DxMRel2018|x64
		{B99EBC25-3193-4026-90C1-BC1513ABA34F}.DebugAODxmRvt22|Any CPU.ActiveCfg = DxMDbg2017|Any CPU
		{B99EBC25-3193-4026-90C1-BC1513ABA34F}.DebugAODxmRvt22|x64.ActiveCfg = DxMRel2018|x64
		{B99EBC25-3193-4026-90C1-BC1513ABA34F}.DebugAotRvt21|Any CPU.ActiveCfg = DxMRel2018|Any CPU
		{B99EBC25-3193-4026-90C1-BC1513ABA34F}.DebugAotRvt21|x64.ActiveCfg = DxMDbg2017|x64
		{B99EBC25-3193-4026-90C1-BC1513ABA34F}.DebugAotRvt21|x64.Build.0 = DxMDbg2017|x64
		{B99EBC25-3193-4026-90C1-BC1513ABA34F}.DebugCsDxmRvt21|Any CPU.ActiveCfg = DxMDbg2017|Any CPU
		{B99EBC25-3193-4026-90C1-BC1513ABA34F}.DebugCsDxmRvt21|x64.ActiveCfg = DxMRel2018|x64
		{B99EBC25-3193-4026-90C1-BC1513ABA34F}.DebugCsDxmRvt22|Any CPU.ActiveCfg = DxMDbg2017|Any CPU
		{B99EBC25-3193-4026-90C1-BC1513ABA34F}.DebugCsDxmRvt22|x64.ActiveCfg = DxMRel2018|x64
		{B99EBC25-3193-4026-90C1-BC1513ABA34F}.DebugCsDxmRvt22|x64.Build.0 = DxMRel2018|x64
		{B99EBC25-3193-4026-90C1-BC1513ABA34F}.DebugTests01|Any CPU.ActiveCfg = DxMDbg2017|Any CPU
		{B99EBC25-3193-4026-90C1-BC1513ABA34F}.DebugTests01|x64.ActiveCfg = DxMRel2018|x64
		{B99EBC25-3193-4026-90C1-BC1513ABA34F}.DebugTests01|x64.Build.0 = DxMRel2018|x64
		{B99EBC25-3193-4026-90C1-BC1513ABA34F}.Release|Any CPU.ActiveCfg = DxMDbg2017|Any CPU
		{B99EBC25-3193-4026-90C1-BC1513ABA34F}.Release|x64.ActiveCfg = DxMDbg2020|x64
		{B99EBC25-3193-4026-90C1-BC1513ABA34F}.Release|x64.Build.0 = DxMDbg2020|x64
		{B99EBC25-3193-4026-90C1-BC1513ABA34F}.ReleaseCsDxmRvt22|Any CPU.ActiveCfg = DxMDbg2017|Any CPU
		{B99EBC25-3193-4026-90C1-BC1513ABA34F}.ReleaseCsDxmRvt22|x64.ActiveCfg = DxMRel2018|x64
		{B99EBC25-3193-4026-90C1-BC1513ABA34F}.ReleaseCsDxmRvt22|x64.Build.0 = DxMRel2018|x64
		{B99EBC25-3193-4026-90C1-BC1513ABA34F}.RelseAotRvt21|Any CPU.ActiveCfg = DxMRel2018|Any CPU
		{B99EBC25-3193-4026-90C1-BC1513ABA34F}.RelseAotRvt21|x64.ActiveCfg = DxMDbg2017|x64
		{B99EBC25-3193-4026-90C1-BC1513ABA34F}.RelseAotRvt21|x64.Build.0 = DxMDbg2017|x64
		{B99EBC25-3193-4026-90C1-BC1513ABA34F}.RelseCsDxmRvt21|Any CPU.ActiveCfg = DxMDbg2017|Any CPU
		{B99EBC25-3193-4026-90C1-BC1513ABA34F}.RelseCsDxmRvt21|x64.ActiveCfg = DxMRel2018|x64
		{8D6DBAC0-6821-42BC-A690-E88844968D90}.Debug|Any CPU.ActiveCfg = Debug|Any CPU
		{8D6DBAC0-6821-42BC-A690-E88844968D90}.Debug|x64.ActiveCfg = Debug|Any CPU
		{8D6DBAC0-6821-42BC-A690-E88844968D90}.DebugAODxmRvt21|Any CPU.ActiveCfg = Debug|Any CPU
		{8D6DBAC0-6821-42BC-A690-E88844968D90}.DebugAODxmRvt21|x64.ActiveCfg = Debug|Any CPU
		{8D6DBAC0-6821-42BC-A690-E88844968D90}.DebugAODxmRvt22|Any CPU.ActiveCfg = Debug|Any CPU
		{8D6DBAC0-6821-42BC-A690-E88844968D90}.DebugAODxmRvt22|x64.ActiveCfg = Debug|Any CPU
		{8D6DBAC0-6821-42BC-A690-E88844968D90}.DebugAotRvt21|Any CPU.ActiveCfg = Debug|Any CPU
		{8D6DBAC0-6821-42BC-A690-E88844968D90}.DebugAotRvt21|x64.ActiveCfg = Debug|Any CPU
		{8D6DBAC0-6821-42BC-A690-E88844968D90}.DebugAotRvt21|x64.Build.0 = Debug|Any CPU
		{8D6DBAC0-6821-42BC-A690-E88844968D90}.DebugCsDxmRvt21|Any CPU.ActiveCfg = Debug|Any CPU
		{8D6DBAC0-6821-42BC-A690-E88844968D90}.DebugCsDxmRvt21|x64.ActiveCfg = Debug|Any CPU
		{8D6DBAC0-6821-42BC-A690-E88844968D90}.DebugCsDxmRvt22|Any CPU.ActiveCfg = Debug|Any CPU
		{8D6DBAC0-6821-42BC-A690-E88844968D90}.DebugCsDxmRvt22|x64.ActiveCfg = Debug|Any CPU
		{8D6DBAC0-6821-42BC-A690-E88844968D90}.DebugCsDxmRvt22|x64.Build.0 = Debug|Any CPU
		{8D6DBAC0-6821-42BC-A690-E88844968D90}.DebugTests01|Any CPU.ActiveCfg = Debug|Any CPU
		{8D6DBAC0-6821-42BC-A690-E88844968D90}.DebugTests01|x64.ActiveCfg = Debug|Any CPU
		{8D6DBAC0-6821-42BC-A690-E88844968D90}.DebugTests01|x64.Build.0 = Debug|Any CPU
		{8D6DBAC0-6821-42BC-A690-E88844968D90}.Release|Any CPU.ActiveCfg = Release|Any CPU
		{8D6DBAC0-6821-42BC-A690-E88844968D90}.Release|x64.ActiveCfg = Release|Any CPU
		{8D6DBAC0-6821-42BC-A690-E88844968D90}.Release|x64.Build.0 = Release|Any CPU
		{8D6DBAC0-6821-42BC-A690-E88844968D90}.ReleaseCsDxmRvt22|Any CPU.ActiveCfg = Debug|Any CPU
		{8D6DBAC0-6821-42BC-A690-E88844968D90}.ReleaseCsDxmRvt22|x64.ActiveCfg = Debug|Any CPU
		{8D6DBAC0-6821-42BC-A690-E88844968D90}.ReleaseCsDxmRvt22|x64.Build.0 = Debug|Any CPU
		{8D6DBAC0-6821-42BC-A690-E88844968D90}.RelseAotRvt21|Any CPU.ActiveCfg = Debug|Any CPU
		{8D6DBAC0-6821-42BC-A690-E88844968D90}.RelseAotRvt21|x64.ActiveCfg = Debug|Any CPU
		{8D6DBAC0-6821-42BC-A690-E88844968D90}.RelseAotRvt21|x64.Build.0 = Debug|Any CPU
		{8D6DBAC0-6821-42BC-A690-E88844968D90}.RelseCsDxmRvt21|Any CPU.ActiveCfg = Debug|Any CPU
		{8D6DBAC0-6821-42BC-A690-E88844968D90}.RelseCsDxmRvt21|x64.ActiveCfg = Debug|Any CPU
		{BC068B64-B232-4A08-82B6-2889EC04E345}.Debug|Any CPU.ActiveCfg = Debug|Any CPU
		{BC068B64-B232-4A08-82B6-2889EC04E345}.Debug|x64.ActiveCfg = Debug|Any CPU
		{BC068B64-B232-4A08-82B6-2889EC04E345}.DebugAODxmRvt21|Any CPU.ActiveCfg = Debug|Any CPU
		{BC068B64-B232-4A08-82B6-2889EC04E345}.DebugAODxmRvt21|x64.ActiveCfg = Debug|x64
		{BC068B64-B232-4A08-82B6-2889EC04E345}.DebugAODxmRvt22|Any CPU.ActiveCfg = Debug|Any CPU
		{BC068B64-B232-4A08-82B6-2889EC04E345}.DebugAODxmRvt22|x64.ActiveCfg = Debug|x64
		{BC068B64-B232-4A08-82B6-2889EC04E345}.DebugAotRvt21|Any CPU.ActiveCfg = Debug|Any CPU
		{BC068B64-B232-4A08-82B6-2889EC04E345}.DebugAotRvt21|x64.ActiveCfg = Debug|x64
		{BC068B64-B232-4A08-82B6-2889EC04E345}.DebugAotRvt21|x64.Build.0 = Debug|x64
		{BC068B64-B232-4A08-82B6-2889EC04E345}.DebugCsDxmRvt21|Any CPU.ActiveCfg = Debug|Any CPU
		{BC068B64-B232-4A08-82B6-2889EC04E345}.DebugCsDxmRvt21|x64.ActiveCfg = Debug|x64
		{BC068B64-B232-4A08-82B6-2889EC04E345}.DebugCsDxmRvt22|Any CPU.ActiveCfg = Debug|Any CPU
		{BC068B64-B232-4A08-82B6-2889EC04E345}.DebugCsDxmRvt22|x64.ActiveCfg = Debug|x64
		{BC068B64-B232-4A08-82B6-2889EC04E345}.DebugCsDxmRvt22|x64.Build.0 = Debug|x64
		{BC068B64-B232-4A08-82B6-2889EC04E345}.DebugTests01|Any CPU.ActiveCfg = Debug|Any CPU
		{BC068B64-B232-4A08-82B6-2889EC04E345}.DebugTests01|x64.ActiveCfg = Debug|x64
		{BC068B64-B232-4A08-82B6-2889EC04E345}.DebugTests01|x64.Build.0 = Debug|x64
		{BC068B64-B232-4A08-82B6-2889EC04E345}.Release|Any CPU.ActiveCfg = Release|Any CPU
		{BC068B64-B232-4A08-82B6-2889EC04E345}.Release|x64.ActiveCfg = Release|Any CPU
		{BC068B64-B232-4A08-82B6-2889EC04E345}.Release|x64.Build.0 = Release|Any CPU
		{BC068B64-B232-4A08-82B6-2889EC04E345}.ReleaseCsDxmRvt22|Any CPU.ActiveCfg = Debug|Any CPU
		{BC068B64-B232-4A08-82B6-2889EC04E345}.ReleaseCsDxmRvt22|x64.ActiveCfg = Debug|x64
		{BC068B64-B232-4A08-82B6-2889EC04E345}.ReleaseCsDxmRvt22|x64.Build.0 = Debug|x64
		{BC068B64-B232-4A08-82B6-2889EC04E345}.RelseAotRvt21|Any CPU.ActiveCfg = Debug|Any CPU
		{BC068B64-B232-4A08-82B6-2889EC04E345}.RelseAotRvt21|x64.ActiveCfg = Debug|x64
		{BC068B64-B232-4A08-82B6-2889EC04E345}.RelseAotRvt21|x64.Build.0 = Debug|x64
		{BC068B64-B232-4A08-82B6-2889EC04E345}.RelseCsDxmRvt21|Any CPU.ActiveCfg = Debug|Any CPU
		{BC068B64-B232-4A08-82B6-2889EC04E345}.RelseCsDxmRvt21|x64.ActiveCfg = Debug|x64
		{C53EABA9-531D-4383-9D80-31D9DF477676}.Debug|Any CPU.ActiveCfg = Debug|Any CPU
		{C53EABA9-531D-4383-9D80-31D9DF477676}.Debug|x64.ActiveCfg = Debug|Any CPU
		{C53EABA9-531D-4383-9D80-31D9DF477676}.DebugAODxmRvt21|Any CPU.ActiveCfg = Debug|Any CPU
		{C53EABA9-531D-4383-9D80-31D9DF477676}.DebugAODxmRvt21|x64.ActiveCfg = Debug|Any CPU
		{C53EABA9-531D-4383-9D80-31D9DF477676}.DebugAODxmRvt22|Any CPU.ActiveCfg = Debug|Any CPU
		{C53EABA9-531D-4383-9D80-31D9DF477676}.DebugAODxmRvt22|x64.ActiveCfg = Debug|Any CPU
		{C53EABA9-531D-4383-9D80-31D9DF477676}.DebugAotRvt21|Any CPU.ActiveCfg = Debug|Any CPU
		{C53EABA9-531D-4383-9D80-31D9DF477676}.DebugAotRvt21|x64.ActiveCfg = Debug|Any CPU
		{C53EABA9-531D-4383-9D80-31D9DF477676}.DebugAotRvt21|x64.Build.0 = Debug|Any CPU
		{C53EABA9-531D-4383-9D80-31D9DF477676}.DebugCsDxmRvt21|Any CPU.ActiveCfg = Debug|Any CPU
		{C53EABA9-531D-4383-9D80-31D9DF477676}.DebugCsDxmRvt21|x64.ActiveCfg = Debug|Any CPU
		{C53EABA9-531D-4383-9D80-31D9DF477676}.DebugCsDxmRvt22|Any CPU.ActiveCfg = Debug|Any CPU
		{C53EABA9-531D-4383-9D80-31D9DF477676}.DebugCsDxmRvt22|x64.ActiveCfg = Debug|Any CPU
		{C53EABA9-531D-4383-9D80-31D9DF477676}.DebugCsDxmRvt22|x64.Build.0 = Debug|Any CPU
		{C53EABA9-531D-4383-9D80-31D9DF477676}.DebugTests01|Any CPU.ActiveCfg = Debug|Any CPU
		{C53EABA9-531D-4383-9D80-31D9DF477676}.DebugTests01|x64.ActiveCfg = Debug|Any CPU
		{C53EABA9-531D-4383-9D80-31D9DF477676}.DebugTests01|x64.Build.0 = Debug|Any CPU
		{C53EABA9-531D-4383-9D80-31D9DF477676}.Release|Any CPU.ActiveCfg = Release|Any CPU
		{C53EABA9-531D-4383-9D80-31D9DF477676}.Release|x64.ActiveCfg = Release|Any CPU
		{C53EABA9-531D-4383-9D80-31D9DF477676}.Release|x64.Build.0 = Release|Any CPU
		{C53EABA9-531D-4383-9D80-31D9DF477676}.ReleaseCsDxmRvt22|Any CPU.ActiveCfg = Debug|Any CPU
		{C53EABA9-531D-4383-9D80-31D9DF477676}.ReleaseCsDxmRvt22|x64.ActiveCfg = Debug|Any CPU
		{C53EABA9-531D-4383-9D80-31D9DF477676}.ReleaseCsDxmRvt22|x64.Build.0 = Debug|Any CPU
		{C53EABA9-531D-4383-9D80-31D9DF477676}.RelseAotRvt21|Any CPU.ActiveCfg = Debug|Any CPU
		{C53EABA9-531D-4383-9D80-31D9DF477676}.RelseAotRvt21|x64.ActiveCfg = Debug|Any CPU
		{C53EABA9-531D-4383-9D80-31D9DF477676}.RelseAotRvt21|x64.Build.0 = Debug|Any CPU
		{C53EABA9-531D-4383-9D80-31D9DF477676}.RelseCsDxmRvt21|Any CPU.ActiveCfg = Debug|Any CPU
		{C53EABA9-531D-4383-9D80-31D9DF477676}.RelseCsDxmRvt21|x64.ActiveCfg = Debug|Any CPU
		{3872BF2E-9458-4C6C-BAC7-40A6CD14C397}.Debug|Any CPU.ActiveCfg = Debug|Any CPU
		{3872BF2E-9458-4C6C-BAC7-40A6CD14C397}.Debug|x64.ActiveCfg = Debug|Any CPU
		{3872BF2E-9458-4C6C-BAC7-40A6CD14C397}.Debug|x64.Build.0 = Debug|Any CPU
		{3872BF2E-9458-4C6C-BAC7-40A6CD14C397}.DebugAODxmRvt21|Any CPU.ActiveCfg = Debug|Any CPU
		{3872BF2E-9458-4C6C-BAC7-40A6CD14C397}.DebugAODxmRvt21|x64.ActiveCfg = DeluxMeasure|x64
		{3872BF2E-9458-4C6C-BAC7-40A6CD14C397}.DebugAODxmRvt22|Any CPU.ActiveCfg = Debug|Any CPU
		{3872BF2E-9458-4C6C-BAC7-40A6CD14C397}.DebugAODxmRvt22|x64.ActiveCfg = DeluxMeasure|x64
		{3872BF2E-9458-4C6C-BAC7-40A6CD14C397}.DebugAotRvt21|Any CPU.ActiveCfg = Debug|Any CPU
		{3872BF2E-9458-4C6C-BAC7-40A6CD14C397}.DebugAotRvt21|x64.ActiveCfg = DeluxMeasure|x64
		{3872BF2E-9458-4C6C-BAC7-40A6CD14C397}.DebugAotRvt21|x64.Build.0 = DeluxMeasure|x64
		{3872BF2E-9458-4C6C-BAC7-40A6CD14C397}.DebugCsDxmRvt21|Any CPU.ActiveCfg = Debug|Any CPU
		{3872BF2E-9458-4C6C-BAC7-40A6CD14C397}.DebugCsDxmRvt21|x64.ActiveCfg = DeluxMeasure|x64
		{3872BF2E-9458-4C6C-BAC7-40A6CD14C397}.DebugCsDxmRvt22|Any CPU.ActiveCfg = Debug|Any CPU
		{3872BF2E-9458-4C6C-BAC7-40A6CD14C397}.DebugCsDxmRvt22|x64.ActiveCfg = DeluxMeasure|x64
		{3872BF2E-9458-4C6C-BAC7-40A6CD14C397}.DebugCsDxmRvt22|x64.Build.0 = DeluxMeasure|x64
		{3872BF2E-9458-4C6C-BAC7-40A6CD14C397}.DebugTests01|Any CPU.ActiveCfg = Debug|Any CPU
		{3872BF2E-9458-4C6C-BAC7-40A6CD14C397}.DebugTests01|x64.ActiveCfg = DeluxMeasure|x64
		{3872BF2E-9458-4C6C-BAC7-40A6CD14C397}.DebugTests01|x64.Build.0 = DeluxMeasure|x64
		{3872BF2E-9458-4C6C-BAC7-40A6CD14C397}.Release|Any CPU.ActiveCfg = Release|Any CPU
		{3872BF2E-9458-4C6C-BAC7-40A6CD14C397}.Release|x64.ActiveCfg = Release|Any CPU
		{3872BF2E-9458-4C6C-BAC7-40A6CD14C397}.Release|x64.Build.0 = Release|Any CPU
		{3872BF2E-9458-4C6C-BAC7-40A6CD14C397}.ReleaseCsDxmRvt22|Any CPU.ActiveCfg = Debug|Any CPU
		{3872BF2E-9458-4C6C-BAC7-40A6CD14C397}.ReleaseCsDxmRvt22|x64.ActiveCfg = DeluxMeasure|x64
		{3872BF2E-9458-4C6C-BAC7-40A6CD14C397}.ReleaseCsDxmRvt22|x64.Build.0 = DeluxMeasure|x64
		{3872BF2E-9458-4C6C-BAC7-40A6CD14C397}.RelseAotRvt21|Any CPU.ActiveCfg = Debug|Any CPU
		{3872BF2E-9458-4C6C-BAC7-40A6CD14C397}.RelseAotRvt21|x64.ActiveCfg = DeluxMeasure|x64
		{3872BF2E-9458-4C6C-BAC7-40A6CD14C397}.RelseAotRvt21|x64.Build.0 = DeluxMeasure|x64
		{3872BF2E-9458-4C6C-BAC7-40A6CD14C397}.RelseCsDxmRvt21|Any CPU.ActiveCfg = Debug|Any CPU
		{3872BF2E-9458-4C6C-BAC7-40A6CD14C397}.RelseCsDxmRvt21|x64.ActiveCfg = DeluxMeasure|x64
		{868CD99E-E6AF-4FA1-B49C-17A1FE941F0D}.Debug|Any CPU.ActiveCfg = Debug|Any CPU
		{868CD99E-E6AF-4FA1-B49C-17A1FE941F0D}.Debug|x64.ActiveCfg = Debug|Any CPU
		{868CD99E-E6AF-4FA1-B49C-17A1FE941F0D}.DebugAODxmRvt21|Any CPU.ActiveCfg = Debug|Any CPU
		{868CD99E-E6AF-4FA1-B49C-17A1FE941F0D}.DebugAODxmRvt21|x64.ActiveCfg = Debug|Any CPU
		{868CD99E-E6AF-4FA1-B49C-17A1FE941F0D}.DebugAODxmRvt22|Any CPU.ActiveCfg = Debug|Any CPU
		{868CD99E-E6AF-4FA1-B49C-17A1FE941F0D}.DebugAODxmRvt22|x64.ActiveCfg = Debug|Any CPU
		{868CD99E-E6AF-4FA1-B49C-17A1FE941F0D}.DebugAotRvt21|Any CPU.ActiveCfg = Debug|Any CPU
		{868CD99E-E6AF-4FA1-B49C-17A1FE941F0D}.DebugAotRvt21|x64.ActiveCfg = Debug|Any CPU
		{868CD99E-E6AF-4FA1-B49C-17A1FE941F0D}.DebugAotRvt21|x64.Build.0 = Debug|Any CPU
		{868CD99E-E6AF-4FA1-B49C-17A1FE941F0D}.DebugCsDxmRvt21|Any CPU.ActiveCfg = Debug|Any CPU
		{868CD99E-E6AF-4FA1-B49C-17A1FE941F0D}.DebugCsDxmRvt21|x64.ActiveCfg = Debug|Any CPU
		{868CD99E-E6AF-4FA1-B49C-17A1FE941F0D}.DebugCsDxmRvt22|Any CPU.ActiveCfg = Debug|Any CPU
		{868CD99E-E6AF-4FA1-B49C-17A1FE941F0D}.DebugCsDxmRvt22|x64.ActiveCfg = Debug|Any CPU
		{868CD99E-E6AF-4FA1-B49C-17A1FE941F0D}.DebugCsDxmRvt22|x64.Build.0 = Debug|Any CPU
		{868CD99E-E6AF-4FA1-B49C-17A1FE941F0D}.DebugTests01|Any CPU.ActiveCfg = Debug|Any CPU
		{868CD99E-E6AF-4FA1-B49C-17A1FE941F0D}.DebugTests01|x64.ActiveCfg = Debug|Any CPU
		{868CD99E-E6AF-4FA1-B49C-17A1FE941F0D}.DebugTests01|x64.Build.0 = Debug|Any CPU
		{868CD99E-E6AF-4FA1-B49C-17A1FE941F0D}.Release|Any CPU.ActiveCfg = Release|Any CPU
		{868CD99E-E6AF-4FA1-B49C-17A1FE941F0D}.Release|x64.ActiveCfg = Release|Any CPU
		{868CD99E-E6AF-4FA1-B49C-17A1FE941F0D}.Release|x64.Build.0 = Release|Any CPU
		{868CD99E-E6AF-4FA1-B49C-17A1FE941F0D}.ReleaseCsDxmRvt22|Any CPU.ActiveCfg = Debug|Any CPU
		{868CD99E-E6AF-4FA1-B49C-17A1FE941F0D}.ReleaseCsDxmRvt22|x64.ActiveCfg = Debug|Any CPU
		{868CD99E-E6AF-4FA1-B49C-17A1FE941F0D}.ReleaseCsDxmRvt22|x64.Build.0 = Debug|Any CPU
		{868CD99E-E6AF-4FA1-B49C-17A1FE941F0D}.RelseAotRvt21|Any CPU.ActiveCfg = Debug|Any CPU
		{868CD99E-E6AF-4FA1-B49C-17A1FE941F0D}.RelseAotRvt21|x64.ActiveCfg = Debug|Any CPU
		{868CD99E-E6AF-4FA1-B49C-17A1FE941F0D}.RelseAotRvt21|x64.Build.0 = Debug|Any CPU
		{868CD99E-E6AF-4FA1-B49C-17A1FE941F0D}.RelseCsDxmRvt21|Any CPU.ActiveCfg = Debug|Any CPU
		{868CD99E-E6AF-4FA1-B49C-17A1FE941F0D}.RelseCsDxmRvt21|x64.ActiveCfg = Debug|Any CPU
		{91AE7083-4BC0-473B-B2BB-AFC2BF76B9CE}.Debug|Any CPU.ActiveCfg = Debug|Any CPU
		{91AE7083-4BC0-473B-B2BB-AFC2BF76B9CE}.Debug|x64.ActiveCfg = Debug|Any CPU
		{91AE7083-4BC0-473B-B2BB-AFC2BF76B9CE}.Debug|x64.Build.0 = Debug|Any CPU
		{91AE7083-4BC0-473B-B2BB-AFC2BF76B9CE}.DebugAODxmRvt21|Any CPU.ActiveCfg = Rvt21Dbg|Any CPU
		{91AE7083-4BC0-473B-B2BB-AFC2BF76B9CE}.DebugAODxmRvt21|x64.ActiveCfg = Rvt21Dbg|Any CPU
		{91AE7083-4BC0-473B-B2BB-AFC2BF76B9CE}.DebugAODxmRvt21|x64.Build.0 = Rvt21Dbg|Any CPU
		{91AE7083-4BC0-473B-B2BB-AFC2BF76B9CE}.DebugAODxmRvt22|Any CPU.ActiveCfg = Rvt21Dbg|Any CPU
		{91AE7083-4BC0-473B-B2BB-AFC2BF76B9CE}.DebugAODxmRvt22|x64.ActiveCfg = Rvt21Dbg|Any CPU
		{91AE7083-4BC0-473B-B2BB-AFC2BF76B9CE}.DebugAODxmRvt22|x64.Build.0 = Rvt21Dbg|Any CPU
		{91AE7083-4BC0-473B-B2BB-AFC2BF76B9CE}.DebugAotRvt21|Any CPU.ActiveCfg = Debug|Any CPU
		{91AE7083-4BC0-473B-B2BB-AFC2BF76B9CE}.DebugAotRvt21|x64.ActiveCfg = Debug|Any CPU
		{91AE7083-4BC0-473B-B2BB-AFC2BF76B9CE}.DebugAotRvt21|x64.Build.0 = Debug|Any CPU
		{91AE7083-4BC0-473B-B2BB-AFC2BF76B9CE}.DebugCsDxmRvt21|Any CPU.ActiveCfg = Rvt21Dbg|Any CPU
		{91AE7083-4BC0-473B-B2BB-AFC2BF76B9CE}.DebugCsDxmRvt21|Any CPU.Build.0 = Rvt21Dbg|Any CPU
		{91AE7083-4BC0-473B-B2BB-AFC2BF76B9CE}.DebugCsDxmRvt21|x64.ActiveCfg = Rvt21Dbg|Any CPU
		{91AE7083-4BC0-473B-B2BB-AFC2BF76B9CE}.DebugCsDxmRvt21|x64.Build.0 = Rvt21Dbg|Any CPU
		{91AE7083-4BC0-473B-B2BB-AFC2BF76B9CE}.DebugCsDxmRvt22|Any CPU.ActiveCfg = Rvt22Dbg|Any CPU
		{91AE7083-4BC0-473B-B2BB-AFC2BF76B9CE}.DebugCsDxmRvt22|Any CPU.Build.0 = Rvt22Dbg|Any CPU
		{91AE7083-4BC0-473B-B2BB-AFC2BF76B9CE}.DebugCsDxmRvt22|x64.ActiveCfg = Debug|Any CPU
		{91AE7083-4BC0-473B-B2BB-AFC2BF76B9CE}.DebugCsDxmRvt22|x64.Build.0 = Debug|Any CPU
		{91AE7083-4BC0-473B-B2BB-AFC2BF76B9CE}.DebugTests01|Any CPU.ActiveCfg = Rvt22Dbg|Any CPU
		{91AE7083-4BC0-473B-B2BB-AFC2BF76B9CE}.DebugTests01|x64.ActiveCfg = Debug|Any CPU
		{91AE7083-4BC0-473B-B2BB-AFC2BF76B9CE}.DebugTests01|x64.Build.0 = Debug|Any CPU
		{91AE7083-4BC0-473B-B2BB-AFC2BF76B9CE}.Release|Any CPU.ActiveCfg = Release|Any CPU
		{91AE7083-4BC0-473B-B2BB-AFC2BF76B9CE}.Release|x64.ActiveCfg = Release|Any CPU
		{91AE7083-4BC0-473B-B2BB-AFC2BF76B9CE}.Release|x64.Build.0 = Release|Any CPU
		{91AE7083-4BC0-473B-B2BB-AFC2BF76B9CE}.ReleaseCsDxmRvt22|Any CPU.ActiveCfg = Rvt22Rel|Any CPU
		{91AE7083-4BC0-473B-B2BB-AFC2BF76B9CE}.ReleaseCsDxmRvt22|Any CPU.Build.0 = Rvt22Rel|Any CPU
		{91AE7083-4BC0-473B-B2BB-AFC2BF76B9CE}.ReleaseCsDxmRvt22|x64.ActiveCfg = Debug|Any CPU
		{91AE7083-4BC0-473B-B2BB-AFC2BF76B9CE}.ReleaseCsDxmRvt22|x64.Build.0 = Debug|Any CPU
		{91AE7083-4BC0-473B-B2BB-AFC2BF76B9CE}.RelseAotRvt21|Any CPU.ActiveCfg = Debug|Any CPU
		{91AE7083-4BC0-473B-B2BB-AFC2BF76B9CE}.RelseAotRvt21|x64.ActiveCfg = Debug|Any CPU
		{91AE7083-4BC0-473B-B2BB-AFC2BF76B9CE}.RelseAotRvt21|x64.Build.0 = Debug|Any CPU
		{91AE7083-4BC0-473B-B2BB-AFC2BF76B9CE}.RelseCsDxmRvt21|Any CPU.ActiveCfg = Rvt21Rel|Any CPU
		{91AE7083-4BC0-473B-B2BB-AFC2BF76B9CE}.RelseCsDxmRvt21|Any CPU.Build.0 = Rvt21Rel|Any CPU
		{91AE7083-4BC0-473B-B2BB-AFC2BF76B9CE}.RelseCsDxmRvt21|x64.ActiveCfg = Rvt21Dbg|Any CPU
		{91AE7083-4BC0-473B-B2BB-AFC2BF76B9CE}.RelseCsDxmRvt21|x64.Build.0 = Rvt21Dbg|Any CPU
		{B6DDC9F2-E329-49E7-A66E-98D7D9623A3B}.Debug|Any CPU.ActiveCfg = DbgAotR21|Any CPU
		{B6DDC9F2-E329-49E7-A66E-98D7D9623A3B}.Debug|x64.ActiveCfg = DbgAotR21|Any CPU
		{B6DDC9F2-E329-49E7-A66E-98D7D9623A3B}.Debug|x64.Build.0 = DbgAotR21|Any CPU
		{B6DDC9F2-E329-49E7-A66E-98D7D9623A3B}.DebugAODxmRvt21|Any CPU.ActiveCfg = DbgAotR21|Any CPU
		{B6DDC9F2-E329-49E7-A66E-98D7D9623A3B}.DebugAODxmRvt21|x64.ActiveCfg = DbgAotR21|Any CPU
		{B6DDC9F2-E329-49E7-A66E-98D7D9623A3B}.DebugAODxmRvt21|x64.Build.0 = DbgAotR21|Any CPU
		{B6DDC9F2-E329-49E7-A66E-98D7D9623A3B}.DebugAODxmRvt22|Any CPU.ActiveCfg = DbgAotR21|Any CPU
		{B6DDC9F2-E329-49E7-A66E-98D7D9623A3B}.DebugAODxmRvt22|x64.ActiveCfg = DbgAotR21|Any CPU
		{B6DDC9F2-E329-49E7-A66E-98D7D9623A3B}.DebugAODxmRvt22|x64.Build.0 = DbgAotR21|Any CPU
		{B6DDC9F2-E329-49E7-A66E-98D7D9623A3B}.DebugAotRvt21|Any CPU.ActiveCfg = DbgAotR21|Any CPU
		{B6DDC9F2-E329-49E7-A66E-98D7D9623A3B}.DebugAotRvt21|Any CPU.Build.0 = DbgAotR21|Any CPU
		{B6DDC9F2-E329-49E7-A66E-98D7D9623A3B}.DebugAotRvt21|x64.ActiveCfg = DbgAotR21|Any CPU
		{B6DDC9F2-E329-49E7-A66E-98D7D9623A3B}.DebugAotRvt21|x64.Build.0 = DbgAotR21|Any CPU
		{B6DDC9F2-E329-49E7-A66E-98D7D9623A3B}.DebugCsDxmRvt21|Any CPU.ActiveCfg = DbgAotR21|Any CPU
		{B6DDC9F2-E329-49E7-A66E-98D7D9623A3B}.DebugCsDxmRvt21|x64.ActiveCfg = DbgAotR21|Any CPU
		{B6DDC9F2-E329-49E7-A66E-98D7D9623A3B}.DebugCsDxmRvt21|x64.Build.0 = DbgAotR21|Any CPU
		{B6DDC9F2-E329-49E7-A66E-98D7D9623A3B}.DebugCsDxmRvt22|Any CPU.ActiveCfg = DbgAotR21|Any CPU
		{B6DDC9F2-E329-49E7-A66E-98D7D9623A3B}.DebugCsDxmRvt22|x64.ActiveCfg = DbgAotR21|Any CPU
		{B6DDC9F2-E329-49E7-A66E-98D7D9623A3B}.DebugCsDxmRvt22|x64.Build.0 = DbgAotR21|Any CPU
		{B6DDC9F2-E329-49E7-A66E-98D7D9623A3B}.DebugTests01|Any CPU.ActiveCfg = DbgAotR21|Any CPU
		{B6DDC9F2-E329-49E7-A66E-98D7D9623A3B}.DebugTests01|x64.ActiveCfg = DbgAotR21|Any CPU
		{B6DDC9F2-E329-49E7-A66E-98D7D9623A3B}.DebugTests01|x64.Build.0 = DbgAotR21|Any CPU
		{B6DDC9F2-E329-49E7-A66E-98D7D9623A3B}.Release|Any CPU.ActiveCfg = RlsAotR21|Any CPU
		{B6DDC9F2-E329-49E7-A66E-98D7D9623A3B}.Release|x64.ActiveCfg = RlsAotR21|Any CPU
		{B6DDC9F2-E329-49E7-A66E-98D7D9623A3B}.Release|x64.Build.0 = RlsAotR21|Any CPU
		{B6DDC9F2-E329-49E7-A66E-98D7D9623A3B}.ReleaseCsDxmRvt22|Any CPU.ActiveCfg = DbgAotR21|Any CPU
		{B6DDC9F2-E329-49E7-A66E-98D7D9623A3B}.ReleaseCsDxmRvt22|x64.ActiveCfg = DbgAotR21|Any CPU
		{B6DDC9F2-E329-49E7-A66E-98D7D9623A3B}.ReleaseCsDxmRvt22|x64.Build.0 = DbgAotR21|Any CPU
		{B6DDC9F2-E329-49E7-A66E-98D7D9623A3B}.RelseAotRvt21|Any CPU.ActiveCfg = RlsAotR21|Any CPU
		{B6DDC9F2-E329-49E7-A66E-98D7D9623A3B}.RelseAotRvt21|Any CPU.Build.0 = RlsAotR21|Any CPU
		{B6DDC9F2-E329-49E7-A66E-98D7D9623A3B}.RelseAotRvt21|x64.ActiveCfg = DbgAotR21|Any CPU
		{B6DDC9F2-E329-49E7-A66E-98D7D9623A3B}.RelseAotRvt21|x64.Build.0 = DbgAotR21|Any CPU
		{B6DDC9F2-E329-49E7-A66E-98D7D9623A3B}.RelseCsDxmRvt21|Any CPU.ActiveCfg = RlsAotR21|Any CPU
		{B6DDC9F2-E329-49E7-A66E-98D7D9623A3B}.RelseCsDxmRvt21|x64.ActiveCfg = RlsAotR21|Any CPU
		{B6DDC9F2-E329-49E7-A66E-98D7D9623A3B}.RelseCsDxmRvt21|x64.Build.0 = RlsAotR21|Any CPU
		{9013462A-6B25-424B-85C1-92957C68E6AC}.Debug|Any CPU.ActiveCfg = Debug|Any CPU
		{9013462A-6B25-424B-85C1-92957C68E6AC}.Debug|Any CPU.Build.0 = Debug|Any CPU
		{9013462A-6B25-424B-85C1-92957C68E6AC}.Debug|x64.ActiveCfg = Debug|Any CPU
		{9013462A-6B25-424B-85C1-92957C68E6AC}.Debug|x64.Build.0 = Debug|Any CPU
		{9013462A-6B25-424B-85C1-92957C68E6AC}.DebugAODxmRvt21|Any CPU.ActiveCfg = Rvt21Dbg|Any CPU
		{9013462A-6B25-424B-85C1-92957C68E6AC}.DebugAODxmRvt21|Any CPU.Build.0 = Rvt21Dbg|Any CPU
		{9013462A-6B25-424B-85C1-92957C68E6AC}.DebugAODxmRvt21|x64.ActiveCfg = Debug|Any CPU
		{9013462A-6B25-424B-85C1-92957C68E6AC}.DebugAODxmRvt21|x64.Build.0 = Debug|Any CPU
		{9013462A-6B25-424B-85C1-92957C68E6AC}.DebugAODxmRvt22|Any CPU.ActiveCfg = Rvt22Dbg|Any CPU
		{9013462A-6B25-424B-85C1-92957C68E6AC}.DebugAODxmRvt22|Any CPU.Build.0 = Rvt22Dbg|Any CPU
		{9013462A-6B25-424B-85C1-92957C68E6AC}.DebugAODxmRvt22|x64.ActiveCfg = Debug|Any CPU
		{9013462A-6B25-424B-85C1-92957C68E6AC}.DebugAODxmRvt22|x64.Build.0 = Debug|Any CPU
		{9013462A-6B25-424B-85C1-92957C68E6AC}.DebugAotRvt21|Any CPU.ActiveCfg = Debug|Any CPU
		{9013462A-6B25-424B-85C1-92957C68E6AC}.DebugAotRvt21|Any CPU.Build.0 = Debug|Any CPU
		{9013462A-6B25-424B-85C1-92957C68E6AC}.DebugAotRvt21|x64.ActiveCfg = Debug|Any CPU
		{9013462A-6B25-424B-85C1-92957C68E6AC}.DebugAotRvt21|x64.Build.0 = Debug|Any CPU
		{9013462A-6B25-424B-85C1-92957C68E6AC}.DebugCsDxmRvt21|Any CPU.ActiveCfg = Debug|Any CPU
		{9013462A-6B25-424B-85C1-92957C68E6AC}.DebugCsDxmRvt21|Any CPU.Build.0 = Debug|Any CPU
		{9013462A-6B25-424B-85C1-92957C68E6AC}.DebugCsDxmRvt21|x64.ActiveCfg = Debug|Any CPU
		{9013462A-6B25-424B-85C1-92957C68E6AC}.DebugCsDxmRvt21|x64.Build.0 = Debug|Any CPU
		{9013462A-6B25-424B-85C1-92957C68E6AC}.DebugCsDxmRvt22|Any CPU.ActiveCfg = Debug|Any CPU
		{9013462A-6B25-424B-85C1-92957C68E6AC}.DebugCsDxmRvt22|x64.ActiveCfg = Debug|Any CPU
		{9013462A-6B25-424B-85C1-92957C68E6AC}.DebugCsDxmRvt22|x64.Build.0 = Debug|Any CPU
		{9013462A-6B25-424B-85C1-92957C68E6AC}.DebugTests01|Any CPU.ActiveCfg = Debug|Any CPU
		{9013462A-6B25-424B-85C1-92957C68E6AC}.DebugTests01|x64.ActiveCfg = Debug|Any CPU
		{9013462A-6B25-424B-85C1-92957C68E6AC}.DebugTests01|x64.Build.0 = Debug|Any CPU
		{9013462A-6B25-424B-85C1-92957C68E6AC}.Release|Any CPU.ActiveCfg = Release|Any CPU
		{9013462A-6B25-424B-85C1-92957C68E6AC}.Release|Any CPU.Build.0 = Release|Any CPU
		{9013462A-6B25-424B-85C1-92957C68E6AC}.Release|x64.ActiveCfg = Release|Any CPU
		{9013462A-6B25-424B-85C1-92957C68E6AC}.Release|x64.Build.0 = Release|Any CPU
		{9013462A-6B25-424B-85C1-92957C68E6AC}.ReleaseCsDxmRvt22|Any CPU.ActiveCfg = Debug|Any CPU
		{9013462A-6B25-424B-85C1-92957C68E6AC}.ReleaseCsDxmRvt22|x64.ActiveCfg = Debug|Any CPU
		{9013462A-6B25-424B-85C1-92957C68E6AC}.ReleaseCsDxmRvt22|x64.Build.0 = Debug|Any CPU
		{9013462A-6B25-424B-85C1-92957C68E6AC}.RelseAotRvt21|Any CPU.ActiveCfg = Rvt21Dbg|Any CPU
		{9013462A-6B25-424B-85C1-92957C68E6AC}.RelseAotRvt21|Any CPU.Build.0 = Rvt21Dbg|Any CPU
		{9013462A-6B25-424B-85C1-92957C68E6AC}.RelseAotRvt21|x64.ActiveCfg = Rvt21Dbg|Any CPU
		{9013462A-6B25-424B-85C1-92957C68E6AC}.RelseAotRvt21|x64.Build.0 = Rvt21Dbg|Any CPU
		{9013462A-6B25-424B-85C1-92957C68E6AC}.RelseCsDxmRvt21|Any CPU.ActiveCfg = Rvt21Dbg|Any CPU
		{9013462A-6B25-424B-85C1-92957C68E6AC}.RelseCsDxmRvt21|x64.ActiveCfg = Rvt21Dbg|Any CPU
		{9013462A-6B25-424B-85C1-92957C68E6AC}.RelseCsDxmRvt21|x64.Build.0 = Rvt21Dbg|Any CPU
		{4A1FA67A-530C-443D-8800-EF810D7FEDAB}.Debug|Any CPU.ActiveCfg = Debug|Any CPU
		{4A1FA67A-530C-443D-8800-EF810D7FEDAB}.Debug|x64.ActiveCfg = Debug|Any CPU
		{4A1FA67A-530C-443D-8800-EF810D7FEDAB}.Debug|x64.Build.0 = Debug|Any CPU
		{4A1FA67A-530C-443D-8800-EF810D7FEDAB}.DebugAODxmRvt21|Any CPU.ActiveCfg = Debug|Any CPU
		{4A1FA67A-530C-443D-8800-EF810D7FEDAB}.DebugAODxmRvt21|x64.ActiveCfg = Debug|Any CPU
		{4A1FA67A-530C-443D-8800-EF810D7FEDAB}.DebugAODxmRvt21|x64.Build.0 = Debug|Any CPU
		{4A1FA67A-530C-443D-8800-EF810D7FEDAB}.DebugAODxmRvt22|Any CPU.ActiveCfg = Debug|Any CPU
		{4A1FA67A-530C-443D-8800-EF810D7FEDAB}.DebugAODxmRvt22|x64.ActiveCfg = Debug|Any CPU
		{4A1FA67A-530C-443D-8800-EF810D7FEDAB}.DebugAODxmRvt22|x64.Build.0 = Debug|Any CPU
		{4A1FA67A-530C-443D-8800-EF810D7FEDAB}.DebugAotRvt21|Any CPU.ActiveCfg = Debug|Any CPU
		{4A1FA67A-530C-443D-8800-EF810D7FEDAB}.DebugAotRvt21|x64.ActiveCfg = Debug|Any CPU
		{4A1FA67A-530C-443D-8800-EF810D7FEDAB}.DebugAotRvt21|x64.Build.0 = Debug|Any CPU
		{4A1FA67A-530C-443D-8800-EF810D7FEDAB}.DebugCsDxmRvt21|Any CPU.ActiveCfg = Debug|Any CPU
		{4A1FA67A-530C-443D-8800-EF810D7FEDAB}.DebugCsDxmRvt21|x64.ActiveCfg = Debug|Any CPU
		{4A1FA67A-530C-443D-8800-EF810D7FEDAB}.DebugCsDxmRvt21|x64.Build.0 = Debug|Any CPU
		{4A1FA67A-530C-443D-8800-EF810D7FEDAB}.DebugCsDxmRvt22|Any CPU.ActiveCfg = Debug|Any CPU
		{4A1FA67A-530C-443D-8800-EF810D7FEDAB}.DebugCsDxmRvt22|x64.ActiveCfg = Debug|Any CPU
		{4A1FA67A-530C-443D-8800-EF810D7FEDAB}.DebugCsDxmRvt22|x64.Build.0 = Debug|Any CPU
		{4A1FA67A-530C-443D-8800-EF810D7FEDAB}.DebugTests01|Any CPU.ActiveCfg = Debug|Any CPU
		{4A1FA67A-530C-443D-8800-EF810D7FEDAB}.DebugTests01|Any CPU.Build.0 = Debug|Any CPU
		{4A1FA67A-530C-443D-8800-EF810D7FEDAB}.DebugTests01|x64.ActiveCfg = Debug|Any CPU
		{4A1FA67A-530C-443D-8800-EF810D7FEDAB}.DebugTests01|x64.Build.0 = Debug|Any CPU
		{4A1FA67A-530C-443D-8800-EF810D7FEDAB}.Release|Any CPU.ActiveCfg = Release|Any CPU
		{4A1FA67A-530C-443D-8800-EF810D7FEDAB}.Release|x64.ActiveCfg = Release|Any CPU
		{4A1FA67A-530C-443D-8800-EF810D7FEDAB}.Release|x64.Build.0 = Release|Any CPU
		{4A1FA67A-530C-443D-8800-EF810D7FEDAB}.ReleaseCsDxmRvt22|Any CPU.ActiveCfg = Release|Any CPU
		{4A1FA67A-530C-443D-8800-EF810D7FEDAB}.ReleaseCsDxmRvt22|x64.ActiveCfg = Release|Any CPU
		{4A1FA67A-530C-443D-8800-EF810D7FEDAB}.ReleaseCsDxmRvt22|x64.Build.0 = Release|Any CPU
		{4A1FA67A-530C-443D-8800-EF810D7FEDAB}.RelseAotRvt21|Any CPU.ActiveCfg = Release|Any CPU
		{4A1FA67A-530C-443D-8800-EF810D7FEDAB}.RelseAotRvt21|x64.ActiveCfg = Release|Any CPU
		{4A1FA67A-530C-443D-8800-EF810D7FEDAB}.RelseAotRvt21|x64.Build.0 = Release|Any CPU
		{4A1FA67A-530C-443D-8800-EF810D7FEDAB}.RelseCsDxmRvt21|Any CPU.ActiveCfg = Release|Any CPU
		{4A1FA67A-530C-443D-8800-EF810D7FEDAB}.RelseCsDxmRvt21|x64.ActiveCfg = Release|Any CPU
		{4A1FA67A-530C-443D-8800-EF810D7FEDAB}.RelseCsDxmRvt21|x64.Build.0 = Release|Any CPU
	EndGlobalSection
	GlobalSection(SolutionProperties) = preSolution
		HideSolutionNode = FALSE
	EndGlobalSection
	GlobalSection(ExtensibilityGlobals) = postSolution
		SolutionGuid = {3CA417EF-B7B4-439E-9323-A61FC17E4CE6}
	EndGlobalSection
	GlobalSection(SharedMSBuildProjectFiles) = preSolution
		SharedRevitCode\SharedRevitCode.projitems*{39a4d97c-8d2e-44a7-ada6-e6f6f3afdb5c}*SharedItemsImports = 13
		SharedCode\SharedCode.projitems*{8d6dbac0-6821-42bc-a690-e88844968d90}*SharedItemsImports = 4
		SharedRevitCode\SharedRevitCode.projitems*{8d6dbac0-6821-42bc-a690-e88844968d90}*SharedItemsImports = 4
		SharedCode\SharedCode.projitems*{b822992c-8e9f-4073-a9b5-7a9b87961745}*SharedItemsImports = 13
		SharedCode\SharedCode.projitems*{bc068b64-b232-4a08-82b6-2889ec04e345}*SharedItemsImports = 4
	EndGlobalSection
EndGlobal
