
Microsoft Visual Studio Solution File, Format Version 12.00
# Visual Studio Version 17
VisualStudioVersion = 17.0.32112.339
MinimumVisualStudioVersion = 10.0.40219.1
Project("{FAE04EC0-301F-11D3-BF4B-00C04F79EFBC}") = "AOToolsDelux", "AOToolsDelux\AOToolsDelux.csproj", "{DDC429DE-0FCC-45A7-A152-112E9AB46CC4}"
EndProject
Project("{FAE04EC0-301F-11D3-BF4B-00C04F79EFBC}") = "AOToolsVue", "AOToolsVue\AOToolsVue.csproj", "{907CEB89-DD00-47D1-9366-198207C325E7}"
EndProject
Project("{FAE04EC0-301F-11D3-BF4B-00C04F79EFBC}") = "AOToolsParameterVue", "AOToolsParameterVue\AOToolsParameterVue.csproj", "{D7C68906-6FC4-457F-9BA2-6AE89F32A408}"
EndProject
Project("{FAE04EC0-301F-11D3-BF4B-00C04F79EFBC}") = "AODxMeasure", "AODxMeasure\AODxMeasure.csproj", "{B99EBC25-3193-4026-90C1-BC1513ABA34F}"
EndProject
Project("{FAE04EC0-301F-11D3-BF4B-00C04F79EFBC}") = "CSToolsDelux", "CSToolsDelux\CSToolsDelux.csproj", "{8D6DBAC0-6821-42BC-A690-E88844968D90}"
EndProject
Project("{FAE04EC0-301F-11D3-BF4B-00C04F79EFBC}") = "CSToolsStudies", "CSToolsStudies\CSToolsStudies.csproj", "{BC068B64-B232-4A08-82B6-2889EC04E345}"
EndProject
Project("{D954291E-2A0B-460D-934E-DC6B0785DB48}") = "SharedCode", "SharedCode\SharedCode.shproj", "{B822992C-8E9F-4073-A9B5-7A9B87961745}"
EndProject
Project("{2150E333-8FDC-42A3-9474-1A3956D46DE8}") = "Solution Items", "Solution Items", "{DA222F1A-E5DA-431E-AB20-1C2E6C211AD3}"
	ProjectSection(SolutionItems) = preProject
		.editorconfig = .editorconfig
	EndProjectSection
EndProject
Project("{FAE04EC0-301F-11D3-BF4B-00C04F79EFBC}") = "CommonCode", "CommonCode\CommonCode.csproj", "{C53EABA9-531D-4383-9D80-31D9DF477676}"
EndProject
Project("{D954291E-2A0B-460D-934E-DC6B0785DB48}") = "SharedRevitCode", "SharedRevitCode\SharedRevitCode.shproj", "{39A4D97C-8D2E-44A7-ADA6-E6F6F3AFDB5C}"
EndProject
Project("{FAE04EC0-301F-11D3-BF4B-00C04F79EFBC}") = "DeluxMeasure", "DeluxMeasure\DeluxMeasure.csproj", "{3872BF2E-9458-4C6C-BAC7-40A6CD14C397}"
EndProject
Project("{FAE04EC0-301F-11D3-BF4B-00C04F79EFBC}") = "DeluxMeasureStudies", "DeluxMeasureStudies\DeluxMeasureStudies.csproj", "{868CD99E-E6AF-4FA1-B49C-17A1FE941F0D}"
EndProject
Global
	GlobalSection(SolutionConfigurationPlatforms) = preSolution
		AOPvDbg|Any CPU = AOPvDbg|Any CPU
		AOPvDbg|x64 = AOPvDbg|x64
		AOPvRel|Any CPU = AOPvRel|Any CPU
		AOPvRel|x64 = AOPvRel|x64
		AOTVuDbg|Any CPU = AOTVuDbg|Any CPU
		AOTVuDbg|x64 = AOTVuDbg|x64
		AOTVuRel|Any CPU = AOTVuRel|Any CPU
		AOTVuRel|x64 = AOTVuRel|x64
		CsToolsStudy|Any CPU = CsToolsStudy|Any CPU
		CsToolsStudy|x64 = CsToolsStudy|x64
		Debug|Any CPU = Debug|Any CPU
		Debug|x64 = Debug|x64
		DeluxMeasure|Any CPU = DeluxMeasure|Any CPU
		DeluxMeasure|x64 = DeluxMeasure|x64
		DxMeasureDbg2017|Any CPU = DxMeasureDbg2017|Any CPU
		DxMeasureDbg2017|x64 = DxMeasureDbg2017|x64
		DxMeasureDbg2018|Any CPU = DxMeasureDbg2018|Any CPU
		DxMeasureDbg2018|x64 = DxMeasureDbg2018|x64
		DxMeasureDbg2019|Any CPU = DxMeasureDbg2019|Any CPU
		DxMeasureDbg2019|x64 = DxMeasureDbg2019|x64
		DxMeasureDbg2020|Any CPU = DxMeasureDbg2020|Any CPU
		DxMeasureDbg2020|x64 = DxMeasureDbg2020|x64
		DxMeasureRel2018|Any CPU = DxMeasureRel2018|Any CPU
		DxMeasureRel2018|x64 = DxMeasureRel2018|x64
		Release|Any CPU = Release|Any CPU
		Release|x64 = Release|x64
		ToolsDlxDbg2017|Any CPU = ToolsDlxDbg2017|Any CPU
		ToolsDlxDbg2017|x64 = ToolsDlxDbg2017|x64
		ToolsDlxDbg2018|Any CPU = ToolsDlxDbg2018|Any CPU
		ToolsDlxDbg2018|x64 = ToolsDlxDbg2018|x64
		ToolsDlxDbg2019|Any CPU = ToolsDlxDbg2019|Any CPU
		ToolsDlxDbg2019|x64 = ToolsDlxDbg2019|x64
		ToolsDlxDbg2020|Any CPU = ToolsDlxDbg2020|Any CPU
		ToolsDlxDbg2020|x64 = ToolsDlxDbg2020|x64
		ToolsDlxRel2018|Any CPU = ToolsDlxRel2018|Any CPU
		ToolsDlxRel2018|x64 = ToolsDlxRel2018|x64
	EndGlobalSection
	GlobalSection(ProjectConfigurationPlatforms) = postSolution
		{DDC429DE-0FCC-45A7-A152-112E9AB46CC4}.AOPvDbg|Any CPU.ActiveCfg = ToolsDbg2017|Any CPU
		{DDC429DE-0FCC-45A7-A152-112E9AB46CC4}.AOPvDbg|x64.ActiveCfg = ToolsDbg2017|x64
		{DDC429DE-0FCC-45A7-A152-112E9AB46CC4}.AOPvRel|Any CPU.ActiveCfg = ToolsDbg2017|Any CPU
		{DDC429DE-0FCC-45A7-A152-112E9AB46CC4}.AOPvRel|x64.ActiveCfg = ToolsDbg2020|x64
		{DDC429DE-0FCC-45A7-A152-112E9AB46CC4}.AOPvRel|x64.Build.0 = ToolsDbg2020|x64
		{DDC429DE-0FCC-45A7-A152-112E9AB46CC4}.AOTVuDbg|Any CPU.ActiveCfg = ToolsDbg2017|Any CPU
		{DDC429DE-0FCC-45A7-A152-112E9AB46CC4}.AOTVuDbg|x64.ActiveCfg = ToolsDbg2020|x64
		{DDC429DE-0FCC-45A7-A152-112E9AB46CC4}.AOTVuDbg|x64.Build.0 = ToolsDbg2020|x64
		{DDC429DE-0FCC-45A7-A152-112E9AB46CC4}.AOTVuRel|Any CPU.ActiveCfg = ToolsDbg2017|Any CPU
		{DDC429DE-0FCC-45A7-A152-112E9AB46CC4}.AOTVuRel|x64.ActiveCfg = ToolsDbg2020|x64
		{DDC429DE-0FCC-45A7-A152-112E9AB46CC4}.AOTVuRel|x64.Build.0 = ToolsDbg2020|x64
		{DDC429DE-0FCC-45A7-A152-112E9AB46CC4}.CsToolsStudy|Any CPU.ActiveCfg = CsToolsStudy|Any CPU
		{DDC429DE-0FCC-45A7-A152-112E9AB46CC4}.CsToolsStudy|Any CPU.Build.0 = CsToolsStudy|Any CPU
		{DDC429DE-0FCC-45A7-A152-112E9AB46CC4}.CsToolsStudy|x64.ActiveCfg = CsToolsStudy|x64
		{DDC429DE-0FCC-45A7-A152-112E9AB46CC4}.Debug|Any CPU.ActiveCfg = ToolsDbg2017|Any CPU
		{DDC429DE-0FCC-45A7-A152-112E9AB46CC4}.Debug|x64.ActiveCfg = ToolsDbg2020|x64
		{DDC429DE-0FCC-45A7-A152-112E9AB46CC4}.Debug|x64.Build.0 = ToolsDbg2020|x64
		{DDC429DE-0FCC-45A7-A152-112E9AB46CC4}.DeluxMeasure|Any CPU.ActiveCfg = ToolsDbg2020|Any CPU
		{DDC429DE-0FCC-45A7-A152-112E9AB46CC4}.DeluxMeasure|x64.ActiveCfg = DeluxMeasure|x64
		{DDC429DE-0FCC-45A7-A152-112E9AB46CC4}.DxMeasureDbg2017|Any CPU.ActiveCfg = ToolsDbg2017|Any CPU
		{DDC429DE-0FCC-45A7-A152-112E9AB46CC4}.DxMeasureDbg2017|x64.ActiveCfg = ToolsDbg2020|x64
		{DDC429DE-0FCC-45A7-A152-112E9AB46CC4}.DxMeasureDbg2017|x64.Build.0 = ToolsDbg2020|x64
		{DDC429DE-0FCC-45A7-A152-112E9AB46CC4}.DxMeasureDbg2018|Any CPU.ActiveCfg = ToolsDbg2017|Any CPU
		{DDC429DE-0FCC-45A7-A152-112E9AB46CC4}.DxMeasureDbg2018|x64.ActiveCfg = ToolsDbg2020|x64
		{DDC429DE-0FCC-45A7-A152-112E9AB46CC4}.DxMeasureDbg2019|Any CPU.ActiveCfg = ToolsDbg2017|Any CPU
		{DDC429DE-0FCC-45A7-A152-112E9AB46CC4}.DxMeasureDbg2019|x64.ActiveCfg = ToolsDbg2020|x64
		{DDC429DE-0FCC-45A7-A152-112E9AB46CC4}.DxMeasureDbg2019|x64.Build.0 = ToolsDbg2020|x64
		{DDC429DE-0FCC-45A7-A152-112E9AB46CC4}.DxMeasureDbg2020|Any CPU.ActiveCfg = ToolsDbg2017|Any CPU
		{DDC429DE-0FCC-45A7-A152-112E9AB46CC4}.DxMeasureDbg2020|x64.ActiveCfg = ToolsDbg2020|x64
		{DDC429DE-0FCC-45A7-A152-112E9AB46CC4}.DxMeasureDbg2020|x64.Build.0 = ToolsDbg2020|x64
		{DDC429DE-0FCC-45A7-A152-112E9AB46CC4}.DxMeasureRel2018|Any CPU.ActiveCfg = ToolsRel2018|Any CPU
		{DDC429DE-0FCC-45A7-A152-112E9AB46CC4}.DxMeasureRel2018|x64.ActiveCfg = ToolsDbg2020|x64
		{DDC429DE-0FCC-45A7-A152-112E9AB46CC4}.DxMeasureRel2018|x64.Build.0 = ToolsDbg2020|x64
		{DDC429DE-0FCC-45A7-A152-112E9AB46CC4}.Release|Any CPU.ActiveCfg = ToolsDbg2017|Any CPU
		{DDC429DE-0FCC-45A7-A152-112E9AB46CC4}.Release|x64.ActiveCfg = ToolsDbg2020|x64
		{DDC429DE-0FCC-45A7-A152-112E9AB46CC4}.Release|x64.Build.0 = ToolsDbg2020|x64
		{DDC429DE-0FCC-45A7-A152-112E9AB46CC4}.ToolsDlxDbg2017|Any CPU.ActiveCfg = ToolsDbg2017|Any CPU
		{DDC429DE-0FCC-45A7-A152-112E9AB46CC4}.ToolsDlxDbg2017|Any CPU.Build.0 = ToolsDbg2017|Any CPU
		{DDC429DE-0FCC-45A7-A152-112E9AB46CC4}.ToolsDlxDbg2017|x64.ActiveCfg = ToolsDbg2017|x64
		{DDC429DE-0FCC-45A7-A152-112E9AB46CC4}.ToolsDlxDbg2017|x64.Build.0 = ToolsDbg2017|x64
		{DDC429DE-0FCC-45A7-A152-112E9AB46CC4}.ToolsDlxDbg2018|Any CPU.ActiveCfg = ToolsDbg2018|Any CPU
		{DDC429DE-0FCC-45A7-A152-112E9AB46CC4}.ToolsDlxDbg2018|Any CPU.Build.0 = ToolsDbg2018|Any CPU
		{DDC429DE-0FCC-45A7-A152-112E9AB46CC4}.ToolsDlxDbg2018|x64.ActiveCfg = ToolsDbg2018|x64
		{DDC429DE-0FCC-45A7-A152-112E9AB46CC4}.ToolsDlxDbg2018|x64.Build.0 = ToolsDbg2018|x64
		{DDC429DE-0FCC-45A7-A152-112E9AB46CC4}.ToolsDlxDbg2019|Any CPU.ActiveCfg = ToolsDbg2019|Any CPU
		{DDC429DE-0FCC-45A7-A152-112E9AB46CC4}.ToolsDlxDbg2019|Any CPU.Build.0 = ToolsDbg2019|Any CPU
		{DDC429DE-0FCC-45A7-A152-112E9AB46CC4}.ToolsDlxDbg2019|x64.ActiveCfg = ToolsDbg2019|x64
		{DDC429DE-0FCC-45A7-A152-112E9AB46CC4}.ToolsDlxDbg2019|x64.Build.0 = ToolsDbg2019|x64
		{DDC429DE-0FCC-45A7-A152-112E9AB46CC4}.ToolsDlxDbg2020|Any CPU.ActiveCfg = ToolsDbg2020|Any CPU
		{DDC429DE-0FCC-45A7-A152-112E9AB46CC4}.ToolsDlxDbg2020|Any CPU.Build.0 = ToolsDbg2020|Any CPU
		{DDC429DE-0FCC-45A7-A152-112E9AB46CC4}.ToolsDlxDbg2020|x64.ActiveCfg = ToolsDbg2020|x64
		{DDC429DE-0FCC-45A7-A152-112E9AB46CC4}.ToolsDlxDbg2020|x64.Build.0 = ToolsDbg2020|x64
		{DDC429DE-0FCC-45A7-A152-112E9AB46CC4}.ToolsDlxRel2018|Any CPU.ActiveCfg = ToolsRel2018|Any CPU
		{DDC429DE-0FCC-45A7-A152-112E9AB46CC4}.ToolsDlxRel2018|Any CPU.Build.0 = ToolsRel2018|Any CPU
		{DDC429DE-0FCC-45A7-A152-112E9AB46CC4}.ToolsDlxRel2018|x64.ActiveCfg = ToolsRel2018|x64
		{DDC429DE-0FCC-45A7-A152-112E9AB46CC4}.ToolsDlxRel2018|x64.Build.0 = ToolsRel2018|x64
		{907CEB89-DD00-47D1-9366-198207C325E7}.AOPvDbg|Any CPU.ActiveCfg = ToolVDbg|Any CPU
		{907CEB89-DD00-47D1-9366-198207C325E7}.AOPvDbg|x64.ActiveCfg = ToolVDbg|x64
		{907CEB89-DD00-47D1-9366-198207C325E7}.AOPvRel|Any CPU.ActiveCfg = ToolVDbg|Any CPU
		{907CEB89-DD00-47D1-9366-198207C325E7}.AOPvRel|x64.ActiveCfg = ToolVRel|x64
		{907CEB89-DD00-47D1-9366-198207C325E7}.AOPvRel|x64.Build.0 = ToolVRel|x64
		{907CEB89-DD00-47D1-9366-198207C325E7}.AOTVuDbg|Any CPU.ActiveCfg = ToolVDbg|Any CPU
		{907CEB89-DD00-47D1-9366-198207C325E7}.AOTVuDbg|Any CPU.Build.0 = ToolVDbg|Any CPU
		{907CEB89-DD00-47D1-9366-198207C325E7}.AOTVuDbg|x64.ActiveCfg = ToolVRel|x64
		{907CEB89-DD00-47D1-9366-198207C325E7}.AOTVuDbg|x64.Build.0 = ToolVRel|x64
		{907CEB89-DD00-47D1-9366-198207C325E7}.AOTVuRel|Any CPU.ActiveCfg = ToolVRel|Any CPU
		{907CEB89-DD00-47D1-9366-198207C325E7}.AOTVuRel|Any CPU.Build.0 = ToolVRel|Any CPU
		{907CEB89-DD00-47D1-9366-198207C325E7}.AOTVuRel|x64.ActiveCfg = ToolVRel|x64
		{907CEB89-DD00-47D1-9366-198207C325E7}.AOTVuRel|x64.Build.0 = ToolVRel|x64
		{907CEB89-DD00-47D1-9366-198207C325E7}.CsToolsStudy|Any CPU.ActiveCfg = CsToolsStudy|Any CPU
		{907CEB89-DD00-47D1-9366-198207C325E7}.CsToolsStudy|Any CPU.Build.0 = CsToolsStudy|Any CPU
		{907CEB89-DD00-47D1-9366-198207C325E7}.CsToolsStudy|x64.ActiveCfg = CsToolsStudy|x64
		{907CEB89-DD00-47D1-9366-198207C325E7}.Debug|Any CPU.ActiveCfg = ToolVDbg|Any CPU
		{907CEB89-DD00-47D1-9366-198207C325E7}.Debug|x64.ActiveCfg = ToolVRel|x64
		{907CEB89-DD00-47D1-9366-198207C325E7}.Debug|x64.Build.0 = ToolVRel|x64
		{907CEB89-DD00-47D1-9366-198207C325E7}.DeluxMeasure|Any CPU.ActiveCfg = ToolVDbg|Any CPU
		{907CEB89-DD00-47D1-9366-198207C325E7}.DeluxMeasure|x64.ActiveCfg = DeluxMeasure|x64
		{907CEB89-DD00-47D1-9366-198207C325E7}.DxMeasureDbg2017|Any CPU.ActiveCfg = ToolVDbg|Any CPU
		{907CEB89-DD00-47D1-9366-198207C325E7}.DxMeasureDbg2017|x64.ActiveCfg = ToolVRel|x64
		{907CEB89-DD00-47D1-9366-198207C325E7}.DxMeasureDbg2017|x64.Build.0 = ToolVRel|x64
		{907CEB89-DD00-47D1-9366-198207C325E7}.DxMeasureDbg2018|Any CPU.ActiveCfg = ToolVDbg|Any CPU
		{907CEB89-DD00-47D1-9366-198207C325E7}.DxMeasureDbg2018|x64.ActiveCfg = ToolVRel|x64
		{907CEB89-DD00-47D1-9366-198207C325E7}.DxMeasureDbg2019|Any CPU.ActiveCfg = ToolVDbg|Any CPU
		{907CEB89-DD00-47D1-9366-198207C325E7}.DxMeasureDbg2019|x64.ActiveCfg = ToolVRel|x64
		{907CEB89-DD00-47D1-9366-198207C325E7}.DxMeasureDbg2019|x64.Build.0 = ToolVRel|x64
		{907CEB89-DD00-47D1-9366-198207C325E7}.DxMeasureDbg2020|Any CPU.ActiveCfg = ToolVDbg|Any CPU
		{907CEB89-DD00-47D1-9366-198207C325E7}.DxMeasureDbg2020|x64.ActiveCfg = ToolVRel|x64
		{907CEB89-DD00-47D1-9366-198207C325E7}.DxMeasureDbg2020|x64.Build.0 = ToolVRel|x64
		{907CEB89-DD00-47D1-9366-198207C325E7}.DxMeasureRel2018|Any CPU.ActiveCfg = ToolVDbg|Any CPU
		{907CEB89-DD00-47D1-9366-198207C325E7}.DxMeasureRel2018|x64.ActiveCfg = ToolVRel|x64
		{907CEB89-DD00-47D1-9366-198207C325E7}.DxMeasureRel2018|x64.Build.0 = ToolVRel|x64
		{907CEB89-DD00-47D1-9366-198207C325E7}.Release|Any CPU.ActiveCfg = ToolVDbg|Any CPU
		{907CEB89-DD00-47D1-9366-198207C325E7}.Release|x64.ActiveCfg = ToolVRel|x64
		{907CEB89-DD00-47D1-9366-198207C325E7}.Release|x64.Build.0 = ToolVRel|x64
		{907CEB89-DD00-47D1-9366-198207C325E7}.ToolsDlxDbg2017|Any CPU.ActiveCfg = ToolVDbg|Any CPU
		{907CEB89-DD00-47D1-9366-198207C325E7}.ToolsDlxDbg2017|x64.ActiveCfg = ToolVRel|x64
		{907CEB89-DD00-47D1-9366-198207C325E7}.ToolsDlxDbg2017|x64.Build.0 = ToolVRel|x64
		{907CEB89-DD00-47D1-9366-198207C325E7}.ToolsDlxDbg2018|Any CPU.ActiveCfg = ToolVDbg|Any CPU
		{907CEB89-DD00-47D1-9366-198207C325E7}.ToolsDlxDbg2018|x64.ActiveCfg = ToolVRel|x64
		{907CEB89-DD00-47D1-9366-198207C325E7}.ToolsDlxDbg2018|x64.Build.0 = ToolVRel|x64
		{907CEB89-DD00-47D1-9366-198207C325E7}.ToolsDlxDbg2019|Any CPU.ActiveCfg = ToolVDbg|Any CPU
		{907CEB89-DD00-47D1-9366-198207C325E7}.ToolsDlxDbg2019|x64.ActiveCfg = ToolVRel|x64
		{907CEB89-DD00-47D1-9366-198207C325E7}.ToolsDlxDbg2019|x64.Build.0 = ToolVRel|x64
		{907CEB89-DD00-47D1-9366-198207C325E7}.ToolsDlxDbg2020|Any CPU.ActiveCfg = ToolVDbg|Any CPU
		{907CEB89-DD00-47D1-9366-198207C325E7}.ToolsDlxDbg2020|x64.ActiveCfg = ToolVRel|x64
		{907CEB89-DD00-47D1-9366-198207C325E7}.ToolsDlxDbg2020|x64.Build.0 = ToolVRel|x64
		{907CEB89-DD00-47D1-9366-198207C325E7}.ToolsDlxRel2018|Any CPU.ActiveCfg = ToolVDbg|Any CPU
		{907CEB89-DD00-47D1-9366-198207C325E7}.ToolsDlxRel2018|x64.ActiveCfg = ToolVRel|x64
		{907CEB89-DD00-47D1-9366-198207C325E7}.ToolsDlxRel2018|x64.Build.0 = ToolVRel|x64
		{D7C68906-6FC4-457F-9BA2-6AE89F32A408}.AOPvDbg|Any CPU.ActiveCfg = PramVDbg|Any CPU
		{D7C68906-6FC4-457F-9BA2-6AE89F32A408}.AOPvDbg|Any CPU.Build.0 = PramVDbg|Any CPU
		{D7C68906-6FC4-457F-9BA2-6AE89F32A408}.AOPvDbg|x64.ActiveCfg = PramVDbg|x64
		{D7C68906-6FC4-457F-9BA2-6AE89F32A408}.AOPvDbg|x64.Build.0 = PramVDbg|x64
		{D7C68906-6FC4-457F-9BA2-6AE89F32A408}.AOPvRel|Any CPU.ActiveCfg = PramVRel|Any CPU
		{D7C68906-6FC4-457F-9BA2-6AE89F32A408}.AOPvRel|Any CPU.Build.0 = PramVRel|Any CPU
		{D7C68906-6FC4-457F-9BA2-6AE89F32A408}.AOPvRel|x64.ActiveCfg = PramVRel|x64
		{D7C68906-6FC4-457F-9BA2-6AE89F32A408}.AOPvRel|x64.Build.0 = PramVRel|x64
		{D7C68906-6FC4-457F-9BA2-6AE89F32A408}.AOTVuDbg|Any CPU.ActiveCfg = PramVDbg|Any CPU
		{D7C68906-6FC4-457F-9BA2-6AE89F32A408}.AOTVuDbg|x64.ActiveCfg = PramVRel|x64
		{D7C68906-6FC4-457F-9BA2-6AE89F32A408}.AOTVuDbg|x64.Build.0 = PramVRel|x64
		{D7C68906-6FC4-457F-9BA2-6AE89F32A408}.AOTVuRel|Any CPU.ActiveCfg = PramVDbg|Any CPU
		{D7C68906-6FC4-457F-9BA2-6AE89F32A408}.AOTVuRel|x64.ActiveCfg = PramVRel|x64
		{D7C68906-6FC4-457F-9BA2-6AE89F32A408}.AOTVuRel|x64.Build.0 = PramVRel|x64
		{D7C68906-6FC4-457F-9BA2-6AE89F32A408}.CsToolsStudy|Any CPU.ActiveCfg = CsToolsStudy|Any CPU
		{D7C68906-6FC4-457F-9BA2-6AE89F32A408}.CsToolsStudy|Any CPU.Build.0 = CsToolsStudy|Any CPU
		{D7C68906-6FC4-457F-9BA2-6AE89F32A408}.CsToolsStudy|x64.ActiveCfg = CsToolsStudy|x64
		{D7C68906-6FC4-457F-9BA2-6AE89F32A408}.Debug|Any CPU.ActiveCfg = PramVDbg|Any CPU
		{D7C68906-6FC4-457F-9BA2-6AE89F32A408}.Debug|x64.ActiveCfg = PramVRel|x64
		{D7C68906-6FC4-457F-9BA2-6AE89F32A408}.Debug|x64.Build.0 = PramVRel|x64
		{D7C68906-6FC4-457F-9BA2-6AE89F32A408}.DeluxMeasure|Any CPU.ActiveCfg = PramVDbg|Any CPU
		{D7C68906-6FC4-457F-9BA2-6AE89F32A408}.DeluxMeasure|x64.ActiveCfg = DeluxMeasure|x64
		{D7C68906-6FC4-457F-9BA2-6AE89F32A408}.DxMeasureDbg2017|Any CPU.ActiveCfg = PramVDbg|Any CPU
		{D7C68906-6FC4-457F-9BA2-6AE89F32A408}.DxMeasureDbg2017|x64.ActiveCfg = PramVRel|x64
		{D7C68906-6FC4-457F-9BA2-6AE89F32A408}.DxMeasureDbg2017|x64.Build.0 = PramVRel|x64
		{D7C68906-6FC4-457F-9BA2-6AE89F32A408}.DxMeasureDbg2018|Any CPU.ActiveCfg = PramVDbg|Any CPU
		{D7C68906-6FC4-457F-9BA2-6AE89F32A408}.DxMeasureDbg2018|x64.ActiveCfg = PramVRel|x64
		{D7C68906-6FC4-457F-9BA2-6AE89F32A408}.DxMeasureDbg2019|Any CPU.ActiveCfg = PramVDbg|Any CPU
		{D7C68906-6FC4-457F-9BA2-6AE89F32A408}.DxMeasureDbg2019|x64.ActiveCfg = PramVRel|x64
		{D7C68906-6FC4-457F-9BA2-6AE89F32A408}.DxMeasureDbg2019|x64.Build.0 = PramVRel|x64
		{D7C68906-6FC4-457F-9BA2-6AE89F32A408}.DxMeasureDbg2020|Any CPU.ActiveCfg = PramVDbg|Any CPU
		{D7C68906-6FC4-457F-9BA2-6AE89F32A408}.DxMeasureDbg2020|x64.ActiveCfg = PramVRel|x64
		{D7C68906-6FC4-457F-9BA2-6AE89F32A408}.DxMeasureDbg2020|x64.Build.0 = PramVRel|x64
		{D7C68906-6FC4-457F-9BA2-6AE89F32A408}.DxMeasureRel2018|Any CPU.ActiveCfg = PramVDbg|Any CPU
		{D7C68906-6FC4-457F-9BA2-6AE89F32A408}.DxMeasureRel2018|x64.ActiveCfg = PramVRel|x64
		{D7C68906-6FC4-457F-9BA2-6AE89F32A408}.DxMeasureRel2018|x64.Build.0 = PramVRel|x64
		{D7C68906-6FC4-457F-9BA2-6AE89F32A408}.Release|Any CPU.ActiveCfg = PramVDbg|Any CPU
		{D7C68906-6FC4-457F-9BA2-6AE89F32A408}.Release|x64.ActiveCfg = PramVRel|x64
		{D7C68906-6FC4-457F-9BA2-6AE89F32A408}.Release|x64.Build.0 = PramVRel|x64
		{D7C68906-6FC4-457F-9BA2-6AE89F32A408}.ToolsDlxDbg2017|Any CPU.ActiveCfg = PramVDbg|Any CPU
		{D7C68906-6FC4-457F-9BA2-6AE89F32A408}.ToolsDlxDbg2017|x64.ActiveCfg = PramVRel|x64
		{D7C68906-6FC4-457F-9BA2-6AE89F32A408}.ToolsDlxDbg2017|x64.Build.0 = PramVRel|x64
		{D7C68906-6FC4-457F-9BA2-6AE89F32A408}.ToolsDlxDbg2018|Any CPU.ActiveCfg = PramVDbg|Any CPU
		{D7C68906-6FC4-457F-9BA2-6AE89F32A408}.ToolsDlxDbg2018|x64.ActiveCfg = PramVRel|x64
		{D7C68906-6FC4-457F-9BA2-6AE89F32A408}.ToolsDlxDbg2018|x64.Build.0 = PramVRel|x64
		{D7C68906-6FC4-457F-9BA2-6AE89F32A408}.ToolsDlxDbg2019|Any CPU.ActiveCfg = PramVDbg|Any CPU
		{D7C68906-6FC4-457F-9BA2-6AE89F32A408}.ToolsDlxDbg2019|x64.ActiveCfg = PramVRel|x64
		{D7C68906-6FC4-457F-9BA2-6AE89F32A408}.ToolsDlxDbg2019|x64.Build.0 = PramVRel|x64
		{D7C68906-6FC4-457F-9BA2-6AE89F32A408}.ToolsDlxDbg2020|Any CPU.ActiveCfg = PramVDbg|Any CPU
		{D7C68906-6FC4-457F-9BA2-6AE89F32A408}.ToolsDlxDbg2020|x64.ActiveCfg = PramVRel|x64
		{D7C68906-6FC4-457F-9BA2-6AE89F32A408}.ToolsDlxDbg2020|x64.Build.0 = PramVRel|x64
		{D7C68906-6FC4-457F-9BA2-6AE89F32A408}.ToolsDlxRel2018|Any CPU.ActiveCfg = PramVDbg|Any CPU
		{D7C68906-6FC4-457F-9BA2-6AE89F32A408}.ToolsDlxRel2018|x64.ActiveCfg = PramVRel|x64
		{D7C68906-6FC4-457F-9BA2-6AE89F32A408}.ToolsDlxRel2018|x64.Build.0 = PramVRel|x64
		{B99EBC25-3193-4026-90C1-BC1513ABA34F}.AOPvDbg|Any CPU.ActiveCfg = DxMDbg2017|Any CPU
		{B99EBC25-3193-4026-90C1-BC1513ABA34F}.AOPvDbg|x64.ActiveCfg = DxMDbg2017|x64
		{B99EBC25-3193-4026-90C1-BC1513ABA34F}.AOPvRel|Any CPU.ActiveCfg = DxMDbg2017|Any CPU
		{B99EBC25-3193-4026-90C1-BC1513ABA34F}.AOPvRel|x64.ActiveCfg = DxMDbg2020|x64
		{B99EBC25-3193-4026-90C1-BC1513ABA34F}.AOPvRel|x64.Build.0 = DxMDbg2020|x64
		{B99EBC25-3193-4026-90C1-BC1513ABA34F}.AOTVuDbg|Any CPU.ActiveCfg = DxMDbg2017|Any CPU
		{B99EBC25-3193-4026-90C1-BC1513ABA34F}.AOTVuDbg|x64.ActiveCfg = DxMDbg2020|x64
		{B99EBC25-3193-4026-90C1-BC1513ABA34F}.AOTVuDbg|x64.Build.0 = DxMDbg2020|x64
		{B99EBC25-3193-4026-90C1-BC1513ABA34F}.AOTVuRel|Any CPU.ActiveCfg = DxMDbg2017|Any CPU
		{B99EBC25-3193-4026-90C1-BC1513ABA34F}.AOTVuRel|x64.ActiveCfg = DxMDbg2020|x64
		{B99EBC25-3193-4026-90C1-BC1513ABA34F}.AOTVuRel|x64.Build.0 = DxMDbg2020|x64
		{B99EBC25-3193-4026-90C1-BC1513ABA34F}.CsToolsStudy|Any CPU.ActiveCfg = CsToolsStudy|Any CPU
		{B99EBC25-3193-4026-90C1-BC1513ABA34F}.CsToolsStudy|Any CPU.Build.0 = CsToolsStudy|Any CPU
		{B99EBC25-3193-4026-90C1-BC1513ABA34F}.CsToolsStudy|x64.ActiveCfg = CsToolsStudy|x64
		{B99EBC25-3193-4026-90C1-BC1513ABA34F}.Debug|Any CPU.ActiveCfg = DxMDbg2017|Any CPU
		{B99EBC25-3193-4026-90C1-BC1513ABA34F}.Debug|x64.ActiveCfg = DxMDbg2020|x64
		{B99EBC25-3193-4026-90C1-BC1513ABA34F}.Debug|x64.Build.0 = DxMDbg2020|x64
		{B99EBC25-3193-4026-90C1-BC1513ABA34F}.DeluxMeasure|Any CPU.ActiveCfg = DeluxMeasure|Any CPU
		{B99EBC25-3193-4026-90C1-BC1513ABA34F}.DeluxMeasure|x64.ActiveCfg = DeluxMeasure|x64
		{B99EBC25-3193-4026-90C1-BC1513ABA34F}.DxMeasureDbg2017|Any CPU.ActiveCfg = DxMDbg2017|Any CPU
		{B99EBC25-3193-4026-90C1-BC1513ABA34F}.DxMeasureDbg2017|Any CPU.Build.0 = DxMDbg2017|Any CPU
		{B99EBC25-3193-4026-90C1-BC1513ABA34F}.DxMeasureDbg2017|x64.ActiveCfg = DxMDbg2020|x64
		{B99EBC25-3193-4026-90C1-BC1513ABA34F}.DxMeasureDbg2017|x64.Build.0 = DxMDbg2020|x64
		{B99EBC25-3193-4026-90C1-BC1513ABA34F}.DxMeasureDbg2018|Any CPU.ActiveCfg = DxMDbg2018|Any CPU
		{B99EBC25-3193-4026-90C1-BC1513ABA34F}.DxMeasureDbg2018|Any CPU.Build.0 = DxMDbg2018|Any CPU
		{B99EBC25-3193-4026-90C1-BC1513ABA34F}.DxMeasureDbg2018|x64.ActiveCfg = DxMDbg2018|x64
		{B99EBC25-3193-4026-90C1-BC1513ABA34F}.DxMeasureDbg2018|x64.Build.0 = DxMDbg2018|x64
		{B99EBC25-3193-4026-90C1-BC1513ABA34F}.DxMeasureDbg2019|Any CPU.ActiveCfg = DxMDbg2019|Any CPU
		{B99EBC25-3193-4026-90C1-BC1513ABA34F}.DxMeasureDbg2019|Any CPU.Build.0 = DxMDbg2019|Any CPU
		{B99EBC25-3193-4026-90C1-BC1513ABA34F}.DxMeasureDbg2019|x64.ActiveCfg = DxMDbg2020|x64
		{B99EBC25-3193-4026-90C1-BC1513ABA34F}.DxMeasureDbg2019|x64.Build.0 = DxMDbg2020|x64
		{B99EBC25-3193-4026-90C1-BC1513ABA34F}.DxMeasureDbg2020|Any CPU.ActiveCfg = DxMDbg2020|Any CPU
		{B99EBC25-3193-4026-90C1-BC1513ABA34F}.DxMeasureDbg2020|Any CPU.Build.0 = DxMDbg2020|Any CPU
		{B99EBC25-3193-4026-90C1-BC1513ABA34F}.DxMeasureDbg2020|x64.ActiveCfg = DxMDbg2020|x64
		{B99EBC25-3193-4026-90C1-BC1513ABA34F}.DxMeasureDbg2020|x64.Build.0 = DxMDbg2020|x64
		{B99EBC25-3193-4026-90C1-BC1513ABA34F}.DxMeasureRel2018|Any CPU.ActiveCfg = DxMRel2018|Any CPU
		{B99EBC25-3193-4026-90C1-BC1513ABA34F}.DxMeasureRel2018|Any CPU.Build.0 = DxMRel2018|Any CPU
		{B99EBC25-3193-4026-90C1-BC1513ABA34F}.DxMeasureRel2018|x64.ActiveCfg = DxMDbg2020|x64
		{B99EBC25-3193-4026-90C1-BC1513ABA34F}.DxMeasureRel2018|x64.Build.0 = DxMDbg2020|x64
		{B99EBC25-3193-4026-90C1-BC1513ABA34F}.Release|Any CPU.ActiveCfg = DxMDbg2017|Any CPU
		{B99EBC25-3193-4026-90C1-BC1513ABA34F}.Release|x64.ActiveCfg = DxMDbg2020|x64
		{B99EBC25-3193-4026-90C1-BC1513ABA34F}.Release|x64.Build.0 = DxMDbg2020|x64
		{B99EBC25-3193-4026-90C1-BC1513ABA34F}.ToolsDlxDbg2017|Any CPU.ActiveCfg = DxMDbg2017|Any CPU
		{B99EBC25-3193-4026-90C1-BC1513ABA34F}.ToolsDlxDbg2017|x64.ActiveCfg = DxMDbg2020|x64
		{B99EBC25-3193-4026-90C1-BC1513ABA34F}.ToolsDlxDbg2017|x64.Build.0 = DxMDbg2020|x64
		{B99EBC25-3193-4026-90C1-BC1513ABA34F}.ToolsDlxDbg2018|Any CPU.ActiveCfg = DxMDbg2017|Any CPU
		{B99EBC25-3193-4026-90C1-BC1513ABA34F}.ToolsDlxDbg2018|x64.ActiveCfg = DxMDbg2020|x64
		{B99EBC25-3193-4026-90C1-BC1513ABA34F}.ToolsDlxDbg2018|x64.Build.0 = DxMDbg2020|x64
		{B99EBC25-3193-4026-90C1-BC1513ABA34F}.ToolsDlxDbg2019|Any CPU.ActiveCfg = DxMDbg2017|Any CPU
		{B99EBC25-3193-4026-90C1-BC1513ABA34F}.ToolsDlxDbg2019|x64.ActiveCfg = DxMDbg2020|x64
		{B99EBC25-3193-4026-90C1-BC1513ABA34F}.ToolsDlxDbg2019|x64.Build.0 = DxMDbg2020|x64
		{B99EBC25-3193-4026-90C1-BC1513ABA34F}.ToolsDlxDbg2020|Any CPU.ActiveCfg = DxMDbg2017|Any CPU
		{B99EBC25-3193-4026-90C1-BC1513ABA34F}.ToolsDlxDbg2020|x64.ActiveCfg = DxMDbg2020|x64
		{B99EBC25-3193-4026-90C1-BC1513ABA34F}.ToolsDlxDbg2020|x64.Build.0 = DxMDbg2020|x64
		{B99EBC25-3193-4026-90C1-BC1513ABA34F}.ToolsDlxRel2018|Any CPU.ActiveCfg = DxMDbg2017|Any CPU
		{B99EBC25-3193-4026-90C1-BC1513ABA34F}.ToolsDlxRel2018|x64.ActiveCfg = DxMDbg2020|x64
		{B99EBC25-3193-4026-90C1-BC1513ABA34F}.ToolsDlxRel2018|x64.Build.0 = DxMDbg2020|x64
		{8D6DBAC0-6821-42BC-A690-E88844968D90}.AOPvDbg|Any CPU.ActiveCfg = Debug|Any CPU
		{8D6DBAC0-6821-42BC-A690-E88844968D90}.AOPvDbg|Any CPU.Build.0 = Debug|Any CPU
		{8D6DBAC0-6821-42BC-A690-E88844968D90}.AOPvDbg|x64.ActiveCfg = Debug|Any CPU
		{8D6DBAC0-6821-42BC-A690-E88844968D90}.AOPvDbg|x64.Build.0 = Debug|Any CPU
		{8D6DBAC0-6821-42BC-A690-E88844968D90}.AOPvRel|Any CPU.ActiveCfg = Debug|Any CPU
		{8D6DBAC0-6821-42BC-A690-E88844968D90}.AOPvRel|Any CPU.Build.0 = Debug|Any CPU
		{8D6DBAC0-6821-42BC-A690-E88844968D90}.AOPvRel|x64.ActiveCfg = Debug|Any CPU
		{8D6DBAC0-6821-42BC-A690-E88844968D90}.AOPvRel|x64.Build.0 = Debug|Any CPU
		{8D6DBAC0-6821-42BC-A690-E88844968D90}.AOTVuDbg|Any CPU.ActiveCfg = Debug|Any CPU
		{8D6DBAC0-6821-42BC-A690-E88844968D90}.AOTVuDbg|Any CPU.Build.0 = Debug|Any CPU
		{8D6DBAC0-6821-42BC-A690-E88844968D90}.AOTVuDbg|x64.ActiveCfg = Debug|Any CPU
		{8D6DBAC0-6821-42BC-A690-E88844968D90}.AOTVuDbg|x64.Build.0 = Debug|Any CPU
		{8D6DBAC0-6821-42BC-A690-E88844968D90}.AOTVuRel|Any CPU.ActiveCfg = Debug|Any CPU
		{8D6DBAC0-6821-42BC-A690-E88844968D90}.AOTVuRel|Any CPU.Build.0 = Debug|Any CPU
		{8D6DBAC0-6821-42BC-A690-E88844968D90}.AOTVuRel|x64.ActiveCfg = Debug|Any CPU
		{8D6DBAC0-6821-42BC-A690-E88844968D90}.AOTVuRel|x64.Build.0 = Debug|Any CPU
		{8D6DBAC0-6821-42BC-A690-E88844968D90}.CsToolsStudy|Any CPU.ActiveCfg = CsToolsStudy|Any CPU
		{8D6DBAC0-6821-42BC-A690-E88844968D90}.CsToolsStudy|Any CPU.Build.0 = CsToolsStudy|Any CPU
		{8D6DBAC0-6821-42BC-A690-E88844968D90}.CsToolsStudy|x64.ActiveCfg = CsToolsStudy|Any CPU
		{8D6DBAC0-6821-42BC-A690-E88844968D90}.Debug|Any CPU.ActiveCfg = Debug|Any CPU
		{8D6DBAC0-6821-42BC-A690-E88844968D90}.Debug|Any CPU.Build.0 = Debug|Any CPU
		{8D6DBAC0-6821-42BC-A690-E88844968D90}.Debug|x64.ActiveCfg = Debug|Any CPU
		{8D6DBAC0-6821-42BC-A690-E88844968D90}.Debug|x64.Build.0 = Debug|Any CPU
		{8D6DBAC0-6821-42BC-A690-E88844968D90}.DeluxMeasure|Any CPU.ActiveCfg = Debug|Any CPU
		{8D6DBAC0-6821-42BC-A690-E88844968D90}.DeluxMeasure|x64.ActiveCfg = DeluxMeasure|Any CPU
		{8D6DBAC0-6821-42BC-A690-E88844968D90}.DxMeasureDbg2017|Any CPU.ActiveCfg = Debug|Any CPU
		{8D6DBAC0-6821-42BC-A690-E88844968D90}.DxMeasureDbg2017|Any CPU.Build.0 = Debug|Any CPU
		{8D6DBAC0-6821-42BC-A690-E88844968D90}.DxMeasureDbg2017|x64.ActiveCfg = Debug|Any CPU
		{8D6DBAC0-6821-42BC-A690-E88844968D90}.DxMeasureDbg2017|x64.Build.0 = Debug|Any CPU
		{8D6DBAC0-6821-42BC-A690-E88844968D90}.DxMeasureDbg2018|Any CPU.ActiveCfg = Debug|Any CPU
		{8D6DBAC0-6821-42BC-A690-E88844968D90}.DxMeasureDbg2018|Any CPU.Build.0 = Debug|Any CPU
		{8D6DBAC0-6821-42BC-A690-E88844968D90}.DxMeasureDbg2018|x64.ActiveCfg = Debug|Any CPU
		{8D6DBAC0-6821-42BC-A690-E88844968D90}.DxMeasureDbg2018|x64.Build.0 = Debug|Any CPU
		{8D6DBAC0-6821-42BC-A690-E88844968D90}.DxMeasureDbg2019|Any CPU.ActiveCfg = Debug|Any CPU
		{8D6DBAC0-6821-42BC-A690-E88844968D90}.DxMeasureDbg2019|Any CPU.Build.0 = Debug|Any CPU
		{8D6DBAC0-6821-42BC-A690-E88844968D90}.DxMeasureDbg2019|x64.ActiveCfg = Debug|Any CPU
		{8D6DBAC0-6821-42BC-A690-E88844968D90}.DxMeasureDbg2019|x64.Build.0 = Debug|Any CPU
		{8D6DBAC0-6821-42BC-A690-E88844968D90}.DxMeasureDbg2020|Any CPU.ActiveCfg = Debug|Any CPU
		{8D6DBAC0-6821-42BC-A690-E88844968D90}.DxMeasureDbg2020|Any CPU.Build.0 = Debug|Any CPU
		{8D6DBAC0-6821-42BC-A690-E88844968D90}.DxMeasureDbg2020|x64.ActiveCfg = Debug|Any CPU
		{8D6DBAC0-6821-42BC-A690-E88844968D90}.DxMeasureDbg2020|x64.Build.0 = Debug|Any CPU
		{8D6DBAC0-6821-42BC-A690-E88844968D90}.DxMeasureRel2018|Any CPU.ActiveCfg = Debug|Any CPU
		{8D6DBAC0-6821-42BC-A690-E88844968D90}.DxMeasureRel2018|Any CPU.Build.0 = Debug|Any CPU
		{8D6DBAC0-6821-42BC-A690-E88844968D90}.DxMeasureRel2018|x64.ActiveCfg = Debug|Any CPU
		{8D6DBAC0-6821-42BC-A690-E88844968D90}.DxMeasureRel2018|x64.Build.0 = Debug|Any CPU
		{8D6DBAC0-6821-42BC-A690-E88844968D90}.Release|Any CPU.ActiveCfg = Release|Any CPU
		{8D6DBAC0-6821-42BC-A690-E88844968D90}.Release|Any CPU.Build.0 = Release|Any CPU
		{8D6DBAC0-6821-42BC-A690-E88844968D90}.Release|x64.ActiveCfg = Release|Any CPU
		{8D6DBAC0-6821-42BC-A690-E88844968D90}.Release|x64.Build.0 = Release|Any CPU
		{8D6DBAC0-6821-42BC-A690-E88844968D90}.ToolsDlxDbg2017|Any CPU.ActiveCfg = Debug|Any CPU
		{8D6DBAC0-6821-42BC-A690-E88844968D90}.ToolsDlxDbg2017|Any CPU.Build.0 = Debug|Any CPU
		{8D6DBAC0-6821-42BC-A690-E88844968D90}.ToolsDlxDbg2017|x64.ActiveCfg = Debug|Any CPU
		{8D6DBAC0-6821-42BC-A690-E88844968D90}.ToolsDlxDbg2017|x64.Build.0 = Debug|Any CPU
		{8D6DBAC0-6821-42BC-A690-E88844968D90}.ToolsDlxDbg2018|Any CPU.ActiveCfg = Debug|Any CPU
		{8D6DBAC0-6821-42BC-A690-E88844968D90}.ToolsDlxDbg2018|Any CPU.Build.0 = Debug|Any CPU
		{8D6DBAC0-6821-42BC-A690-E88844968D90}.ToolsDlxDbg2018|x64.ActiveCfg = Debug|Any CPU
		{8D6DBAC0-6821-42BC-A690-E88844968D90}.ToolsDlxDbg2018|x64.Build.0 = Debug|Any CPU
		{8D6DBAC0-6821-42BC-A690-E88844968D90}.ToolsDlxDbg2019|Any CPU.ActiveCfg = Debug|Any CPU
		{8D6DBAC0-6821-42BC-A690-E88844968D90}.ToolsDlxDbg2019|Any CPU.Build.0 = Debug|Any CPU
		{8D6DBAC0-6821-42BC-A690-E88844968D90}.ToolsDlxDbg2019|x64.ActiveCfg = Debug|Any CPU
		{8D6DBAC0-6821-42BC-A690-E88844968D90}.ToolsDlxDbg2019|x64.Build.0 = Debug|Any CPU
		{8D6DBAC0-6821-42BC-A690-E88844968D90}.ToolsDlxDbg2020|Any CPU.ActiveCfg = Debug|Any CPU
		{8D6DBAC0-6821-42BC-A690-E88844968D90}.ToolsDlxDbg2020|Any CPU.Build.0 = Debug|Any CPU
		{8D6DBAC0-6821-42BC-A690-E88844968D90}.ToolsDlxDbg2020|x64.ActiveCfg = Debug|Any CPU
		{8D6DBAC0-6821-42BC-A690-E88844968D90}.ToolsDlxDbg2020|x64.Build.0 = Debug|Any CPU
		{8D6DBAC0-6821-42BC-A690-E88844968D90}.ToolsDlxRel2018|Any CPU.ActiveCfg = Debug|Any CPU
		{8D6DBAC0-6821-42BC-A690-E88844968D90}.ToolsDlxRel2018|Any CPU.Build.0 = Debug|Any CPU
		{8D6DBAC0-6821-42BC-A690-E88844968D90}.ToolsDlxRel2018|x64.ActiveCfg = Debug|Any CPU
		{8D6DBAC0-6821-42BC-A690-E88844968D90}.ToolsDlxRel2018|x64.Build.0 = Debug|Any CPU
		{BC068B64-B232-4A08-82B6-2889EC04E345}.AOPvDbg|Any CPU.ActiveCfg = Debug|Any CPU
		{BC068B64-B232-4A08-82B6-2889EC04E345}.AOPvDbg|Any CPU.Build.0 = Debug|Any CPU
		{BC068B64-B232-4A08-82B6-2889EC04E345}.AOPvDbg|x64.ActiveCfg = Debug|Any CPU
		{BC068B64-B232-4A08-82B6-2889EC04E345}.AOPvDbg|x64.Build.0 = Debug|Any CPU
		{BC068B64-B232-4A08-82B6-2889EC04E345}.AOPvRel|Any CPU.ActiveCfg = Debug|Any CPU
		{BC068B64-B232-4A08-82B6-2889EC04E345}.AOPvRel|Any CPU.Build.0 = Debug|Any CPU
		{BC068B64-B232-4A08-82B6-2889EC04E345}.AOPvRel|x64.ActiveCfg = Debug|Any CPU
		{BC068B64-B232-4A08-82B6-2889EC04E345}.AOPvRel|x64.Build.0 = Debug|Any CPU
		{BC068B64-B232-4A08-82B6-2889EC04E345}.AOTVuDbg|Any CPU.ActiveCfg = Debug|Any CPU
		{BC068B64-B232-4A08-82B6-2889EC04E345}.AOTVuDbg|Any CPU.Build.0 = Debug|Any CPU
		{BC068B64-B232-4A08-82B6-2889EC04E345}.AOTVuDbg|x64.ActiveCfg = Debug|Any CPU
		{BC068B64-B232-4A08-82B6-2889EC04E345}.AOTVuDbg|x64.Build.0 = Debug|Any CPU
		{BC068B64-B232-4A08-82B6-2889EC04E345}.AOTVuRel|Any CPU.ActiveCfg = Debug|Any CPU
		{BC068B64-B232-4A08-82B6-2889EC04E345}.AOTVuRel|Any CPU.Build.0 = Debug|Any CPU
		{BC068B64-B232-4A08-82B6-2889EC04E345}.AOTVuRel|x64.ActiveCfg = Debug|Any CPU
		{BC068B64-B232-4A08-82B6-2889EC04E345}.AOTVuRel|x64.Build.0 = Debug|Any CPU
		{BC068B64-B232-4A08-82B6-2889EC04E345}.CsToolsStudy|Any CPU.ActiveCfg = CsToolsStudy|Any CPU
		{BC068B64-B232-4A08-82B6-2889EC04E345}.CsToolsStudy|Any CPU.Build.0 = CsToolsStudy|Any CPU
		{BC068B64-B232-4A08-82B6-2889EC04E345}.CsToolsStudy|x64.ActiveCfg = CsToolsStudy|x64
		{BC068B64-B232-4A08-82B6-2889EC04E345}.CsToolsStudy|x64.Build.0 = CsToolsStudy|x64
		{BC068B64-B232-4A08-82B6-2889EC04E345}.Debug|Any CPU.ActiveCfg = Debug|Any CPU
		{BC068B64-B232-4A08-82B6-2889EC04E345}.Debug|Any CPU.Build.0 = Debug|Any CPU
		{BC068B64-B232-4A08-82B6-2889EC04E345}.Debug|x64.ActiveCfg = Debug|Any CPU
		{BC068B64-B232-4A08-82B6-2889EC04E345}.Debug|x64.Build.0 = Debug|Any CPU
		{BC068B64-B232-4A08-82B6-2889EC04E345}.DeluxMeasure|Any CPU.ActiveCfg = Debug|Any CPU
		{BC068B64-B232-4A08-82B6-2889EC04E345}.DeluxMeasure|x64.ActiveCfg = DeluxMeasure|Any CPU
		{BC068B64-B232-4A08-82B6-2889EC04E345}.DxMeasureDbg2017|Any CPU.ActiveCfg = Debug|Any CPU
		{BC068B64-B232-4A08-82B6-2889EC04E345}.DxMeasureDbg2017|Any CPU.Build.0 = Debug|Any CPU
		{BC068B64-B232-4A08-82B6-2889EC04E345}.DxMeasureDbg2017|x64.ActiveCfg = Debug|Any CPU
		{BC068B64-B232-4A08-82B6-2889EC04E345}.DxMeasureDbg2017|x64.Build.0 = Debug|Any CPU
		{BC068B64-B232-4A08-82B6-2889EC04E345}.DxMeasureDbg2018|Any CPU.ActiveCfg = Debug|Any CPU
		{BC068B64-B232-4A08-82B6-2889EC04E345}.DxMeasureDbg2018|Any CPU.Build.0 = Debug|Any CPU
		{BC068B64-B232-4A08-82B6-2889EC04E345}.DxMeasureDbg2018|x64.ActiveCfg = Debug|Any CPU
		{BC068B64-B232-4A08-82B6-2889EC04E345}.DxMeasureDbg2018|x64.Build.0 = Debug|Any CPU
		{BC068B64-B232-4A08-82B6-2889EC04E345}.DxMeasureDbg2019|Any CPU.ActiveCfg = Debug|Any CPU
		{BC068B64-B232-4A08-82B6-2889EC04E345}.DxMeasureDbg2019|Any CPU.Build.0 = Debug|Any CPU
		{BC068B64-B232-4A08-82B6-2889EC04E345}.DxMeasureDbg2019|x64.ActiveCfg = Debug|Any CPU
		{BC068B64-B232-4A08-82B6-2889EC04E345}.DxMeasureDbg2019|x64.Build.0 = Debug|Any CPU
		{BC068B64-B232-4A08-82B6-2889EC04E345}.DxMeasureDbg2020|Any CPU.ActiveCfg = Debug|Any CPU
		{BC068B64-B232-4A08-82B6-2889EC04E345}.DxMeasureDbg2020|Any CPU.Build.0 = Debug|Any CPU
		{BC068B64-B232-4A08-82B6-2889EC04E345}.DxMeasureDbg2020|x64.ActiveCfg = Debug|Any CPU
		{BC068B64-B232-4A08-82B6-2889EC04E345}.DxMeasureDbg2020|x64.Build.0 = Debug|Any CPU
		{BC068B64-B232-4A08-82B6-2889EC04E345}.DxMeasureRel2018|Any CPU.ActiveCfg = Debug|Any CPU
		{BC068B64-B232-4A08-82B6-2889EC04E345}.DxMeasureRel2018|Any CPU.Build.0 = Debug|Any CPU
		{BC068B64-B232-4A08-82B6-2889EC04E345}.DxMeasureRel2018|x64.ActiveCfg = Debug|Any CPU
		{BC068B64-B232-4A08-82B6-2889EC04E345}.DxMeasureRel2018|x64.Build.0 = Debug|Any CPU
		{BC068B64-B232-4A08-82B6-2889EC04E345}.Release|Any CPU.ActiveCfg = Release|Any CPU
		{BC068B64-B232-4A08-82B6-2889EC04E345}.Release|Any CPU.Build.0 = Release|Any CPU
		{BC068B64-B232-4A08-82B6-2889EC04E345}.Release|x64.ActiveCfg = Release|Any CPU
		{BC068B64-B232-4A08-82B6-2889EC04E345}.Release|x64.Build.0 = Release|Any CPU
		{BC068B64-B232-4A08-82B6-2889EC04E345}.ToolsDlxDbg2017|Any CPU.ActiveCfg = Debug|Any CPU
		{BC068B64-B232-4A08-82B6-2889EC04E345}.ToolsDlxDbg2017|Any CPU.Build.0 = Debug|Any CPU
		{BC068B64-B232-4A08-82B6-2889EC04E345}.ToolsDlxDbg2017|x64.ActiveCfg = Debug|Any CPU
		{BC068B64-B232-4A08-82B6-2889EC04E345}.ToolsDlxDbg2017|x64.Build.0 = Debug|Any CPU
		{BC068B64-B232-4A08-82B6-2889EC04E345}.ToolsDlxDbg2018|Any CPU.ActiveCfg = Debug|Any CPU
		{BC068B64-B232-4A08-82B6-2889EC04E345}.ToolsDlxDbg2018|Any CPU.Build.0 = Debug|Any CPU
		{BC068B64-B232-4A08-82B6-2889EC04E345}.ToolsDlxDbg2018|x64.ActiveCfg = Debug|Any CPU
		{BC068B64-B232-4A08-82B6-2889EC04E345}.ToolsDlxDbg2018|x64.Build.0 = Debug|Any CPU
		{BC068B64-B232-4A08-82B6-2889EC04E345}.ToolsDlxDbg2019|Any CPU.ActiveCfg = Debug|Any CPU
		{BC068B64-B232-4A08-82B6-2889EC04E345}.ToolsDlxDbg2019|Any CPU.Build.0 = Debug|Any CPU
		{BC068B64-B232-4A08-82B6-2889EC04E345}.ToolsDlxDbg2019|x64.ActiveCfg = Debug|Any CPU
		{BC068B64-B232-4A08-82B6-2889EC04E345}.ToolsDlxDbg2019|x64.Build.0 = Debug|Any CPU
		{BC068B64-B232-4A08-82B6-2889EC04E345}.ToolsDlxDbg2020|Any CPU.ActiveCfg = Debug|Any CPU
		{BC068B64-B232-4A08-82B6-2889EC04E345}.ToolsDlxDbg2020|Any CPU.Build.0 = Debug|Any CPU
		{BC068B64-B232-4A08-82B6-2889EC04E345}.ToolsDlxDbg2020|x64.ActiveCfg = Debug|Any CPU
		{BC068B64-B232-4A08-82B6-2889EC04E345}.ToolsDlxDbg2020|x64.Build.0 = Debug|Any CPU
		{BC068B64-B232-4A08-82B6-2889EC04E345}.ToolsDlxRel2018|Any CPU.ActiveCfg = Debug|Any CPU
		{BC068B64-B232-4A08-82B6-2889EC04E345}.ToolsDlxRel2018|Any CPU.Build.0 = Debug|Any CPU
		{BC068B64-B232-4A08-82B6-2889EC04E345}.ToolsDlxRel2018|x64.ActiveCfg = Debug|Any CPU
		{BC068B64-B232-4A08-82B6-2889EC04E345}.ToolsDlxRel2018|x64.Build.0 = Debug|Any CPU
		{C53EABA9-531D-4383-9D80-31D9DF477676}.AOPvDbg|Any CPU.ActiveCfg = Debug|Any CPU
		{C53EABA9-531D-4383-9D80-31D9DF477676}.AOPvDbg|Any CPU.Build.0 = Debug|Any CPU
		{C53EABA9-531D-4383-9D80-31D9DF477676}.AOPvDbg|x64.ActiveCfg = Debug|Any CPU
		{C53EABA9-531D-4383-9D80-31D9DF477676}.AOPvDbg|x64.Build.0 = Debug|Any CPU
		{C53EABA9-531D-4383-9D80-31D9DF477676}.AOPvRel|Any CPU.ActiveCfg = Debug|Any CPU
		{C53EABA9-531D-4383-9D80-31D9DF477676}.AOPvRel|Any CPU.Build.0 = Debug|Any CPU
		{C53EABA9-531D-4383-9D80-31D9DF477676}.AOPvRel|x64.ActiveCfg = Debug|Any CPU
		{C53EABA9-531D-4383-9D80-31D9DF477676}.AOPvRel|x64.Build.0 = Debug|Any CPU
		{C53EABA9-531D-4383-9D80-31D9DF477676}.AOTVuDbg|Any CPU.ActiveCfg = Debug|Any CPU
		{C53EABA9-531D-4383-9D80-31D9DF477676}.AOTVuDbg|Any CPU.Build.0 = Debug|Any CPU
		{C53EABA9-531D-4383-9D80-31D9DF477676}.AOTVuDbg|x64.ActiveCfg = Debug|Any CPU
		{C53EABA9-531D-4383-9D80-31D9DF477676}.AOTVuDbg|x64.Build.0 = Debug|Any CPU
		{C53EABA9-531D-4383-9D80-31D9DF477676}.AOTVuRel|Any CPU.ActiveCfg = Debug|Any CPU
		{C53EABA9-531D-4383-9D80-31D9DF477676}.AOTVuRel|Any CPU.Build.0 = Debug|Any CPU
		{C53EABA9-531D-4383-9D80-31D9DF477676}.AOTVuRel|x64.ActiveCfg = Debug|Any CPU
		{C53EABA9-531D-4383-9D80-31D9DF477676}.AOTVuRel|x64.Build.0 = Debug|Any CPU
		{C53EABA9-531D-4383-9D80-31D9DF477676}.CsToolsStudy|Any CPU.ActiveCfg = CsToolsStudy|Any CPU
		{C53EABA9-531D-4383-9D80-31D9DF477676}.CsToolsStudy|Any CPU.Build.0 = CsToolsStudy|Any CPU
		{C53EABA9-531D-4383-9D80-31D9DF477676}.CsToolsStudy|x64.ActiveCfg = CsToolsStudy|Any CPU
		{C53EABA9-531D-4383-9D80-31D9DF477676}.Debug|Any CPU.ActiveCfg = Debug|Any CPU
		{C53EABA9-531D-4383-9D80-31D9DF477676}.Debug|Any CPU.Build.0 = Debug|Any CPU
		{C53EABA9-531D-4383-9D80-31D9DF477676}.Debug|x64.ActiveCfg = Debug|Any CPU
		{C53EABA9-531D-4383-9D80-31D9DF477676}.Debug|x64.Build.0 = Debug|Any CPU
		{C53EABA9-531D-4383-9D80-31D9DF477676}.DeluxMeasure|Any CPU.ActiveCfg = Debug|Any CPU
		{C53EABA9-531D-4383-9D80-31D9DF477676}.DeluxMeasure|x64.ActiveCfg = DeluxMeasure|Any CPU
		{C53EABA9-531D-4383-9D80-31D9DF477676}.DxMeasureDbg2017|Any CPU.ActiveCfg = Debug|Any CPU
		{C53EABA9-531D-4383-9D80-31D9DF477676}.DxMeasureDbg2017|Any CPU.Build.0 = Debug|Any CPU
		{C53EABA9-531D-4383-9D80-31D9DF477676}.DxMeasureDbg2017|x64.ActiveCfg = Debug|Any CPU
		{C53EABA9-531D-4383-9D80-31D9DF477676}.DxMeasureDbg2017|x64.Build.0 = Debug|Any CPU
		{C53EABA9-531D-4383-9D80-31D9DF477676}.DxMeasureDbg2018|Any CPU.ActiveCfg = Debug|Any CPU
		{C53EABA9-531D-4383-9D80-31D9DF477676}.DxMeasureDbg2018|Any CPU.Build.0 = Debug|Any CPU
		{C53EABA9-531D-4383-9D80-31D9DF477676}.DxMeasureDbg2018|x64.ActiveCfg = Debug|Any CPU
		{C53EABA9-531D-4383-9D80-31D9DF477676}.DxMeasureDbg2018|x64.Build.0 = Debug|Any CPU
		{C53EABA9-531D-4383-9D80-31D9DF477676}.DxMeasureDbg2019|Any CPU.ActiveCfg = Debug|Any CPU
		{C53EABA9-531D-4383-9D80-31D9DF477676}.DxMeasureDbg2019|Any CPU.Build.0 = Debug|Any CPU
		{C53EABA9-531D-4383-9D80-31D9DF477676}.DxMeasureDbg2019|x64.ActiveCfg = Debug|Any CPU
		{C53EABA9-531D-4383-9D80-31D9DF477676}.DxMeasureDbg2019|x64.Build.0 = Debug|Any CPU
		{C53EABA9-531D-4383-9D80-31D9DF477676}.DxMeasureDbg2020|Any CPU.ActiveCfg = Debug|Any CPU
		{C53EABA9-531D-4383-9D80-31D9DF477676}.DxMeasureDbg2020|Any CPU.Build.0 = Debug|Any CPU
		{C53EABA9-531D-4383-9D80-31D9DF477676}.DxMeasureDbg2020|x64.ActiveCfg = Debug|Any CPU
		{C53EABA9-531D-4383-9D80-31D9DF477676}.DxMeasureDbg2020|x64.Build.0 = Debug|Any CPU
		{C53EABA9-531D-4383-9D80-31D9DF477676}.DxMeasureRel2018|Any CPU.ActiveCfg = Debug|Any CPU
		{C53EABA9-531D-4383-9D80-31D9DF477676}.DxMeasureRel2018|Any CPU.Build.0 = Debug|Any CPU
		{C53EABA9-531D-4383-9D80-31D9DF477676}.DxMeasureRel2018|x64.ActiveCfg = Debug|Any CPU
		{C53EABA9-531D-4383-9D80-31D9DF477676}.DxMeasureRel2018|x64.Build.0 = Debug|Any CPU
		{C53EABA9-531D-4383-9D80-31D9DF477676}.Release|Any CPU.ActiveCfg = Release|Any CPU
		{C53EABA9-531D-4383-9D80-31D9DF477676}.Release|Any CPU.Build.0 = Release|Any CPU
		{C53EABA9-531D-4383-9D80-31D9DF477676}.Release|x64.ActiveCfg = Release|Any CPU
		{C53EABA9-531D-4383-9D80-31D9DF477676}.Release|x64.Build.0 = Release|Any CPU
		{C53EABA9-531D-4383-9D80-31D9DF477676}.ToolsDlxDbg2017|Any CPU.ActiveCfg = Debug|Any CPU
		{C53EABA9-531D-4383-9D80-31D9DF477676}.ToolsDlxDbg2017|Any CPU.Build.0 = Debug|Any CPU
		{C53EABA9-531D-4383-9D80-31D9DF477676}.ToolsDlxDbg2017|x64.ActiveCfg = Debug|Any CPU
		{C53EABA9-531D-4383-9D80-31D9DF477676}.ToolsDlxDbg2017|x64.Build.0 = Debug|Any CPU
		{C53EABA9-531D-4383-9D80-31D9DF477676}.ToolsDlxDbg2018|Any CPU.ActiveCfg = Debug|Any CPU
		{C53EABA9-531D-4383-9D80-31D9DF477676}.ToolsDlxDbg2018|Any CPU.Build.0 = Debug|Any CPU
		{C53EABA9-531D-4383-9D80-31D9DF477676}.ToolsDlxDbg2018|x64.ActiveCfg = Debug|Any CPU
		{C53EABA9-531D-4383-9D80-31D9DF477676}.ToolsDlxDbg2018|x64.Build.0 = Debug|Any CPU
		{C53EABA9-531D-4383-9D80-31D9DF477676}.ToolsDlxDbg2019|Any CPU.ActiveCfg = Debug|Any CPU
		{C53EABA9-531D-4383-9D80-31D9DF477676}.ToolsDlxDbg2019|Any CPU.Build.0 = Debug|Any CPU
		{C53EABA9-531D-4383-9D80-31D9DF477676}.ToolsDlxDbg2019|x64.ActiveCfg = Debug|Any CPU
		{C53EABA9-531D-4383-9D80-31D9DF477676}.ToolsDlxDbg2019|x64.Build.0 = Debug|Any CPU
		{C53EABA9-531D-4383-9D80-31D9DF477676}.ToolsDlxDbg2020|Any CPU.ActiveCfg = Debug|Any CPU
		{C53EABA9-531D-4383-9D80-31D9DF477676}.ToolsDlxDbg2020|Any CPU.Build.0 = Debug|Any CPU
		{C53EABA9-531D-4383-9D80-31D9DF477676}.ToolsDlxDbg2020|x64.ActiveCfg = Debug|Any CPU
		{C53EABA9-531D-4383-9D80-31D9DF477676}.ToolsDlxDbg2020|x64.Build.0 = Debug|Any CPU
		{C53EABA9-531D-4383-9D80-31D9DF477676}.ToolsDlxRel2018|Any CPU.ActiveCfg = Debug|Any CPU
		{C53EABA9-531D-4383-9D80-31D9DF477676}.ToolsDlxRel2018|Any CPU.Build.0 = Debug|Any CPU
		{C53EABA9-531D-4383-9D80-31D9DF477676}.ToolsDlxRel2018|x64.ActiveCfg = Debug|Any CPU
		{C53EABA9-531D-4383-9D80-31D9DF477676}.ToolsDlxRel2018|x64.Build.0 = Debug|Any CPU
		{3872BF2E-9458-4C6C-BAC7-40A6CD14C397}.AOPvDbg|Any CPU.ActiveCfg = Debug|Any CPU
		{3872BF2E-9458-4C6C-BAC7-40A6CD14C397}.AOPvDbg|Any CPU.Build.0 = Debug|Any CPU
		{3872BF2E-9458-4C6C-BAC7-40A6CD14C397}.AOPvDbg|x64.ActiveCfg = Debug|Any CPU
		{3872BF2E-9458-4C6C-BAC7-40A6CD14C397}.AOPvDbg|x64.Build.0 = Debug|Any CPU
		{3872BF2E-9458-4C6C-BAC7-40A6CD14C397}.AOPvRel|Any CPU.ActiveCfg = Debug|Any CPU
		{3872BF2E-9458-4C6C-BAC7-40A6CD14C397}.AOPvRel|Any CPU.Build.0 = Debug|Any CPU
		{3872BF2E-9458-4C6C-BAC7-40A6CD14C397}.AOPvRel|x64.ActiveCfg = Debug|Any CPU
		{3872BF2E-9458-4C6C-BAC7-40A6CD14C397}.AOPvRel|x64.Build.0 = Debug|Any CPU
		{3872BF2E-9458-4C6C-BAC7-40A6CD14C397}.AOTVuDbg|Any CPU.ActiveCfg = Debug|Any CPU
		{3872BF2E-9458-4C6C-BAC7-40A6CD14C397}.AOTVuDbg|Any CPU.Build.0 = Debug|Any CPU
		{3872BF2E-9458-4C6C-BAC7-40A6CD14C397}.AOTVuDbg|x64.ActiveCfg = Debug|Any CPU
		{3872BF2E-9458-4C6C-BAC7-40A6CD14C397}.AOTVuDbg|x64.Build.0 = Debug|Any CPU
		{3872BF2E-9458-4C6C-BAC7-40A6CD14C397}.AOTVuRel|Any CPU.ActiveCfg = Debug|Any CPU
		{3872BF2E-9458-4C6C-BAC7-40A6CD14C397}.AOTVuRel|Any CPU.Build.0 = Debug|Any CPU
		{3872BF2E-9458-4C6C-BAC7-40A6CD14C397}.AOTVuRel|x64.ActiveCfg = Debug|Any CPU
		{3872BF2E-9458-4C6C-BAC7-40A6CD14C397}.AOTVuRel|x64.Build.0 = Debug|Any CPU
		{3872BF2E-9458-4C6C-BAC7-40A6CD14C397}.CsToolsStudy|Any CPU.ActiveCfg = CsToolsStudy|Any CPU
		{3872BF2E-9458-4C6C-BAC7-40A6CD14C397}.CsToolsStudy|Any CPU.Build.0 = CsToolsStudy|Any CPU
		{3872BF2E-9458-4C6C-BAC7-40A6CD14C397}.CsToolsStudy|x64.ActiveCfg = CsToolsStudy|Any CPU
		{3872BF2E-9458-4C6C-BAC7-40A6CD14C397}.Debug|Any CPU.ActiveCfg = Debug|Any CPU
		{3872BF2E-9458-4C6C-BAC7-40A6CD14C397}.Debug|Any CPU.Build.0 = Debug|Any CPU
		{3872BF2E-9458-4C6C-BAC7-40A6CD14C397}.Debug|x64.ActiveCfg = Debug|Any CPU
		{3872BF2E-9458-4C6C-BAC7-40A6CD14C397}.Debug|x64.Build.0 = Debug|Any CPU
		{3872BF2E-9458-4C6C-BAC7-40A6CD14C397}.DeluxMeasure|Any CPU.ActiveCfg = DeluxMeasure|Any CPU
		{3872BF2E-9458-4C6C-BAC7-40A6CD14C397}.DeluxMeasure|Any CPU.Build.0 = DeluxMeasure|Any CPU
		{3872BF2E-9458-4C6C-BAC7-40A6CD14C397}.DeluxMeasure|x64.ActiveCfg = DeluxMeasure|x64
		{3872BF2E-9458-4C6C-BAC7-40A6CD14C397}.DeluxMeasure|x64.Build.0 = DeluxMeasure|x64
		{3872BF2E-9458-4C6C-BAC7-40A6CD14C397}.DxMeasureDbg2017|Any CPU.ActiveCfg = Debug|Any CPU
		{3872BF2E-9458-4C6C-BAC7-40A6CD14C397}.DxMeasureDbg2017|Any CPU.Build.0 = Debug|Any CPU
		{3872BF2E-9458-4C6C-BAC7-40A6CD14C397}.DxMeasureDbg2017|x64.ActiveCfg = Debug|Any CPU
		{3872BF2E-9458-4C6C-BAC7-40A6CD14C397}.DxMeasureDbg2017|x64.Build.0 = Debug|Any CPU
		{3872BF2E-9458-4C6C-BAC7-40A6CD14C397}.DxMeasureDbg2018|Any CPU.ActiveCfg = Debug|Any CPU
		{3872BF2E-9458-4C6C-BAC7-40A6CD14C397}.DxMeasureDbg2018|Any CPU.Build.0 = Debug|Any CPU
		{3872BF2E-9458-4C6C-BAC7-40A6CD14C397}.DxMeasureDbg2018|x64.ActiveCfg = Debug|Any CPU
		{3872BF2E-9458-4C6C-BAC7-40A6CD14C397}.DxMeasureDbg2018|x64.Build.0 = Debug|Any CPU
		{3872BF2E-9458-4C6C-BAC7-40A6CD14C397}.DxMeasureDbg2019|Any CPU.ActiveCfg = Debug|Any CPU
		{3872BF2E-9458-4C6C-BAC7-40A6CD14C397}.DxMeasureDbg2019|Any CPU.Build.0 = Debug|Any CPU
		{3872BF2E-9458-4C6C-BAC7-40A6CD14C397}.DxMeasureDbg2019|x64.ActiveCfg = Debug|Any CPU
		{3872BF2E-9458-4C6C-BAC7-40A6CD14C397}.DxMeasureDbg2019|x64.Build.0 = Debug|Any CPU
		{3872BF2E-9458-4C6C-BAC7-40A6CD14C397}.DxMeasureDbg2020|Any CPU.ActiveCfg = Debug|Any CPU
		{3872BF2E-9458-4C6C-BAC7-40A6CD14C397}.DxMeasureDbg2020|Any CPU.Build.0 = Debug|Any CPU
		{3872BF2E-9458-4C6C-BAC7-40A6CD14C397}.DxMeasureDbg2020|x64.ActiveCfg = Debug|Any CPU
		{3872BF2E-9458-4C6C-BAC7-40A6CD14C397}.DxMeasureDbg2020|x64.Build.0 = Debug|Any CPU
		{3872BF2E-9458-4C6C-BAC7-40A6CD14C397}.DxMeasureRel2018|Any CPU.ActiveCfg = Debug|Any CPU
		{3872BF2E-9458-4C6C-BAC7-40A6CD14C397}.DxMeasureRel2018|Any CPU.Build.0 = Debug|Any CPU
		{3872BF2E-9458-4C6C-BAC7-40A6CD14C397}.DxMeasureRel2018|x64.ActiveCfg = Debug|Any CPU
		{3872BF2E-9458-4C6C-BAC7-40A6CD14C397}.DxMeasureRel2018|x64.Build.0 = Debug|Any CPU
		{3872BF2E-9458-4C6C-BAC7-40A6CD14C397}.Release|Any CPU.ActiveCfg = Release|Any CPU
		{3872BF2E-9458-4C6C-BAC7-40A6CD14C397}.Release|Any CPU.Build.0 = Release|Any CPU
		{3872BF2E-9458-4C6C-BAC7-40A6CD14C397}.Release|x64.ActiveCfg = Release|Any CPU
		{3872BF2E-9458-4C6C-BAC7-40A6CD14C397}.Release|x64.Build.0 = Release|Any CPU
		{3872BF2E-9458-4C6C-BAC7-40A6CD14C397}.ToolsDlxDbg2017|Any CPU.ActiveCfg = Debug|Any CPU
		{3872BF2E-9458-4C6C-BAC7-40A6CD14C397}.ToolsDlxDbg2017|Any CPU.Build.0 = Debug|Any CPU
		{3872BF2E-9458-4C6C-BAC7-40A6CD14C397}.ToolsDlxDbg2017|x64.ActiveCfg = Debug|Any CPU
		{3872BF2E-9458-4C6C-BAC7-40A6CD14C397}.ToolsDlxDbg2017|x64.Build.0 = Debug|Any CPU
		{3872BF2E-9458-4C6C-BAC7-40A6CD14C397}.ToolsDlxDbg2018|Any CPU.ActiveCfg = Debug|Any CPU
		{3872BF2E-9458-4C6C-BAC7-40A6CD14C397}.ToolsDlxDbg2018|Any CPU.Build.0 = Debug|Any CPU
		{3872BF2E-9458-4C6C-BAC7-40A6CD14C397}.ToolsDlxDbg2018|x64.ActiveCfg = Debug|Any CPU
		{3872BF2E-9458-4C6C-BAC7-40A6CD14C397}.ToolsDlxDbg2018|x64.Build.0 = Debug|Any CPU
		{3872BF2E-9458-4C6C-BAC7-40A6CD14C397}.ToolsDlxDbg2019|Any CPU.ActiveCfg = Debug|Any CPU
		{3872BF2E-9458-4C6C-BAC7-40A6CD14C397}.ToolsDlxDbg2019|Any CPU.Build.0 = Debug|Any CPU
		{3872BF2E-9458-4C6C-BAC7-40A6CD14C397}.ToolsDlxDbg2019|x64.ActiveCfg = Debug|Any CPU
		{3872BF2E-9458-4C6C-BAC7-40A6CD14C397}.ToolsDlxDbg2019|x64.Build.0 = Debug|Any CPU
		{3872BF2E-9458-4C6C-BAC7-40A6CD14C397}.ToolsDlxDbg2020|Any CPU.ActiveCfg = Debug|Any CPU
		{3872BF2E-9458-4C6C-BAC7-40A6CD14C397}.ToolsDlxDbg2020|Any CPU.Build.0 = Debug|Any CPU
		{3872BF2E-9458-4C6C-BAC7-40A6CD14C397}.ToolsDlxDbg2020|x64.ActiveCfg = Debug|Any CPU
		{3872BF2E-9458-4C6C-BAC7-40A6CD14C397}.ToolsDlxDbg2020|x64.Build.0 = Debug|Any CPU
		{3872BF2E-9458-4C6C-BAC7-40A6CD14C397}.ToolsDlxRel2018|Any CPU.ActiveCfg = Debug|Any CPU
		{3872BF2E-9458-4C6C-BAC7-40A6CD14C397}.ToolsDlxRel2018|Any CPU.Build.0 = Debug|Any CPU
		{3872BF2E-9458-4C6C-BAC7-40A6CD14C397}.ToolsDlxRel2018|x64.ActiveCfg = Debug|Any CPU
		{3872BF2E-9458-4C6C-BAC7-40A6CD14C397}.ToolsDlxRel2018|x64.Build.0 = Debug|Any CPU
		{868CD99E-E6AF-4FA1-B49C-17A1FE941F0D}.AOPvDbg|Any CPU.ActiveCfg = Debug|Any CPU
		{868CD99E-E6AF-4FA1-B49C-17A1FE941F0D}.AOPvDbg|Any CPU.Build.0 = Debug|Any CPU
		{868CD99E-E6AF-4FA1-B49C-17A1FE941F0D}.AOPvDbg|x64.ActiveCfg = Debug|Any CPU
		{868CD99E-E6AF-4FA1-B49C-17A1FE941F0D}.AOPvDbg|x64.Build.0 = Debug|Any CPU
		{868CD99E-E6AF-4FA1-B49C-17A1FE941F0D}.AOPvRel|Any CPU.ActiveCfg = Debug|Any CPU
		{868CD99E-E6AF-4FA1-B49C-17A1FE941F0D}.AOPvRel|Any CPU.Build.0 = Debug|Any CPU
		{868CD99E-E6AF-4FA1-B49C-17A1FE941F0D}.AOPvRel|x64.ActiveCfg = Debug|Any CPU
		{868CD99E-E6AF-4FA1-B49C-17A1FE941F0D}.AOPvRel|x64.Build.0 = Debug|Any CPU
		{868CD99E-E6AF-4FA1-B49C-17A1FE941F0D}.AOTVuDbg|Any CPU.ActiveCfg = Debug|Any CPU
		{868CD99E-E6AF-4FA1-B49C-17A1FE941F0D}.AOTVuDbg|Any CPU.Build.0 = Debug|Any CPU
		{868CD99E-E6AF-4FA1-B49C-17A1FE941F0D}.AOTVuDbg|x64.ActiveCfg = Debug|Any CPU
		{868CD99E-E6AF-4FA1-B49C-17A1FE941F0D}.AOTVuDbg|x64.Build.0 = Debug|Any CPU
		{868CD99E-E6AF-4FA1-B49C-17A1FE941F0D}.AOTVuRel|Any CPU.ActiveCfg = Debug|Any CPU
		{868CD99E-E6AF-4FA1-B49C-17A1FE941F0D}.AOTVuRel|Any CPU.Build.0 = Debug|Any CPU
		{868CD99E-E6AF-4FA1-B49C-17A1FE941F0D}.AOTVuRel|x64.ActiveCfg = Debug|Any CPU
		{868CD99E-E6AF-4FA1-B49C-17A1FE941F0D}.AOTVuRel|x64.Build.0 = Debug|Any CPU
		{868CD99E-E6AF-4FA1-B49C-17A1FE941F0D}.CsToolsStudy|Any CPU.ActiveCfg = Debug|Any CPU
		{868CD99E-E6AF-4FA1-B49C-17A1FE941F0D}.CsToolsStudy|Any CPU.Build.0 = Debug|Any CPU
		{868CD99E-E6AF-4FA1-B49C-17A1FE941F0D}.CsToolsStudy|x64.ActiveCfg = Debug|Any CPU
		{868CD99E-E6AF-4FA1-B49C-17A1FE941F0D}.CsToolsStudy|x64.Build.0 = Debug|Any CPU
		{868CD99E-E6AF-4FA1-B49C-17A1FE941F0D}.Debug|Any CPU.ActiveCfg = Debug|Any CPU
		{868CD99E-E6AF-4FA1-B49C-17A1FE941F0D}.Debug|Any CPU.Build.0 = Debug|Any CPU
		{868CD99E-E6AF-4FA1-B49C-17A1FE941F0D}.Debug|x64.ActiveCfg = Debug|Any CPU
		{868CD99E-E6AF-4FA1-B49C-17A1FE941F0D}.Debug|x64.Build.0 = Debug|Any CPU
		{868CD99E-E6AF-4FA1-B49C-17A1FE941F0D}.DeluxMeasure|Any CPU.ActiveCfg = Debug|Any CPU
		{868CD99E-E6AF-4FA1-B49C-17A1FE941F0D}.DeluxMeasure|Any CPU.Build.0 = Debug|Any CPU
		{868CD99E-E6AF-4FA1-B49C-17A1FE941F0D}.DeluxMeasure|x64.ActiveCfg = Debug|Any CPU
		{868CD99E-E6AF-4FA1-B49C-17A1FE941F0D}.DeluxMeasure|x64.Build.0 = Debug|Any CPU
		{868CD99E-E6AF-4FA1-B49C-17A1FE941F0D}.DxMeasureDbg2017|Any CPU.ActiveCfg = Debug|Any CPU
		{868CD99E-E6AF-4FA1-B49C-17A1FE941F0D}.DxMeasureDbg2017|Any CPU.Build.0 = Debug|Any CPU
		{868CD99E-E6AF-4FA1-B49C-17A1FE941F0D}.DxMeasureDbg2017|x64.ActiveCfg = Debug|Any CPU
		{868CD99E-E6AF-4FA1-B49C-17A1FE941F0D}.DxMeasureDbg2017|x64.Build.0 = Debug|Any CPU
		{868CD99E-E6AF-4FA1-B49C-17A1FE941F0D}.DxMeasureDbg2018|Any CPU.ActiveCfg = Debug|Any CPU
		{868CD99E-E6AF-4FA1-B49C-17A1FE941F0D}.DxMeasureDbg2018|Any CPU.Build.0 = Debug|Any CPU
		{868CD99E-E6AF-4FA1-B49C-17A1FE941F0D}.DxMeasureDbg2018|x64.ActiveCfg = Debug|Any CPU
		{868CD99E-E6AF-4FA1-B49C-17A1FE941F0D}.DxMeasureDbg2018|x64.Build.0 = Debug|Any CPU
		{868CD99E-E6AF-4FA1-B49C-17A1FE941F0D}.DxMeasureDbg2019|Any CPU.ActiveCfg = Debug|Any CPU
		{868CD99E-E6AF-4FA1-B49C-17A1FE941F0D}.DxMeasureDbg2019|Any CPU.Build.0 = Debug|Any CPU
		{868CD99E-E6AF-4FA1-B49C-17A1FE941F0D}.DxMeasureDbg2019|x64.ActiveCfg = Debug|Any CPU
		{868CD99E-E6AF-4FA1-B49C-17A1FE941F0D}.DxMeasureDbg2019|x64.Build.0 = Debug|Any CPU
		{868CD99E-E6AF-4FA1-B49C-17A1FE941F0D}.DxMeasureDbg2020|Any CPU.ActiveCfg = Debug|Any CPU
		{868CD99E-E6AF-4FA1-B49C-17A1FE941F0D}.DxMeasureDbg2020|Any CPU.Build.0 = Debug|Any CPU
		{868CD99E-E6AF-4FA1-B49C-17A1FE941F0D}.DxMeasureDbg2020|x64.ActiveCfg = Debug|Any CPU
		{868CD99E-E6AF-4FA1-B49C-17A1FE941F0D}.DxMeasureDbg2020|x64.Build.0 = Debug|Any CPU
		{868CD99E-E6AF-4FA1-B49C-17A1FE941F0D}.DxMeasureRel2018|Any CPU.ActiveCfg = Debug|Any CPU
		{868CD99E-E6AF-4FA1-B49C-17A1FE941F0D}.DxMeasureRel2018|Any CPU.Build.0 = Debug|Any CPU
		{868CD99E-E6AF-4FA1-B49C-17A1FE941F0D}.DxMeasureRel2018|x64.ActiveCfg = Debug|Any CPU
		{868CD99E-E6AF-4FA1-B49C-17A1FE941F0D}.DxMeasureRel2018|x64.Build.0 = Debug|Any CPU
		{868CD99E-E6AF-4FA1-B49C-17A1FE941F0D}.Release|Any CPU.ActiveCfg = Release|Any CPU
		{868CD99E-E6AF-4FA1-B49C-17A1FE941F0D}.Release|Any CPU.Build.0 = Release|Any CPU
		{868CD99E-E6AF-4FA1-B49C-17A1FE941F0D}.Release|x64.ActiveCfg = Release|Any CPU
		{868CD99E-E6AF-4FA1-B49C-17A1FE941F0D}.Release|x64.Build.0 = Release|Any CPU
		{868CD99E-E6AF-4FA1-B49C-17A1FE941F0D}.ToolsDlxDbg2017|Any CPU.ActiveCfg = Debug|Any CPU
		{868CD99E-E6AF-4FA1-B49C-17A1FE941F0D}.ToolsDlxDbg2017|Any CPU.Build.0 = Debug|Any CPU
		{868CD99E-E6AF-4FA1-B49C-17A1FE941F0D}.ToolsDlxDbg2017|x64.ActiveCfg = Debug|Any CPU
		{868CD99E-E6AF-4FA1-B49C-17A1FE941F0D}.ToolsDlxDbg2017|x64.Build.0 = Debug|Any CPU
		{868CD99E-E6AF-4FA1-B49C-17A1FE941F0D}.ToolsDlxDbg2018|Any CPU.ActiveCfg = Debug|Any CPU
		{868CD99E-E6AF-4FA1-B49C-17A1FE941F0D}.ToolsDlxDbg2018|Any CPU.Build.0 = Debug|Any CPU
		{868CD99E-E6AF-4FA1-B49C-17A1FE941F0D}.ToolsDlxDbg2018|x64.ActiveCfg = Debug|Any CPU
		{868CD99E-E6AF-4FA1-B49C-17A1FE941F0D}.ToolsDlxDbg2018|x64.Build.0 = Debug|Any CPU
		{868CD99E-E6AF-4FA1-B49C-17A1FE941F0D}.ToolsDlxDbg2019|Any CPU.ActiveCfg = Debug|Any CPU
		{868CD99E-E6AF-4FA1-B49C-17A1FE941F0D}.ToolsDlxDbg2019|Any CPU.Build.0 = Debug|Any CPU
		{868CD99E-E6AF-4FA1-B49C-17A1FE941F0D}.ToolsDlxDbg2019|x64.ActiveCfg = Debug|Any CPU
		{868CD99E-E6AF-4FA1-B49C-17A1FE941F0D}.ToolsDlxDbg2019|x64.Build.0 = Debug|Any CPU
		{868CD99E-E6AF-4FA1-B49C-17A1FE941F0D}.ToolsDlxDbg2020|Any CPU.ActiveCfg = Debug|Any CPU
		{868CD99E-E6AF-4FA1-B49C-17A1FE941F0D}.ToolsDlxDbg2020|Any CPU.Build.0 = Debug|Any CPU
		{868CD99E-E6AF-4FA1-B49C-17A1FE941F0D}.ToolsDlxDbg2020|x64.ActiveCfg = Debug|Any CPU
		{868CD99E-E6AF-4FA1-B49C-17A1FE941F0D}.ToolsDlxDbg2020|x64.Build.0 = Debug|Any CPU
		{868CD99E-E6AF-4FA1-B49C-17A1FE941F0D}.ToolsDlxRel2018|Any CPU.ActiveCfg = Debug|Any CPU
		{868CD99E-E6AF-4FA1-B49C-17A1FE941F0D}.ToolsDlxRel2018|Any CPU.Build.0 = Debug|Any CPU
		{868CD99E-E6AF-4FA1-B49C-17A1FE941F0D}.ToolsDlxRel2018|x64.ActiveCfg = Debug|Any CPU
		{868CD99E-E6AF-4FA1-B49C-17A1FE941F0D}.ToolsDlxRel2018|x64.Build.0 = Debug|Any CPU
	EndGlobalSection
	GlobalSection(SolutionProperties) = preSolution
		HideSolutionNode = FALSE
	EndGlobalSection
	GlobalSection(ExtensibilityGlobals) = postSolution
		SolutionGuid = {3CA417EF-B7B4-439E-9323-A61FC17E4CE6}
	EndGlobalSection
	GlobalSection(SharedMSBuildProjectFiles) = preSolution
		SharedRevitCode\SharedRevitCode.projitems*{39a4d97c-8d2e-44a7-ada6-e6f6f3afdb5c}*SharedItemsImports = 13
		SharedCode\SharedCode.projitems*{8d6dbac0-6821-42bc-a690-e88844968d90}*SharedItemsImports = 4
		SharedRevitCode\SharedRevitCode.projitems*{8d6dbac0-6821-42bc-a690-e88844968d90}*SharedItemsImports = 4
		SharedCode\SharedCode.projitems*{b822992c-8e9f-4073-a9b5-7a9b87961745}*SharedItemsImports = 13
		SharedCode\SharedCode.projitems*{bc068b64-b232-4a08-82b6-2889ec04e345}*SharedItemsImports = 4
	EndGlobalSection
EndGlobal
